
Microsoft Visual Studio Solution File, Format Version 12.00
# Visual Studio 15
VisualStudioVersion = 15.0.28307.106
MinimumVisualStudioVersion = 10.0.40219.1
Project("{9A19103F-16F7-4668-BE54-9A1E7A4F7556}") = "Inside.Data", "Inside.Data\Inside.Data.csproj", "{F7EE4B0C-B867-40B5-A339-54536484D57C}"
EndProject
Project("{9A19103F-16F7-4668-BE54-9A1E7A4F7556}") = "Inside.Domain", "Inside.Domain\Inside.Domain.csproj", "{B83833AF-9274-44D6-B338-21E54A398577}"
EndProject
Project("{9A19103F-16F7-4668-BE54-9A1E7A4F7556}") = "Inside.Web", "Inside.Web\Inside.Web.csproj", "{637E3D7E-D6F7-4EAB-B59A-64A431DC0E4B}"
EndProject
Project("{9A19103F-16F7-4668-BE54-9A1E7A4F7556}") = "Inside.WebApi", "Inside.WebApi\Inside.WebApi.csproj", "{F0AE7893-AC60-479E-8249-66395C617F4A}"
EndProject
Project("{9A19103F-16F7-4668-BE54-9A1E7A4F7556}") = "Inside.Xamarin", "Inside.Xamarin\Inside.Xamarin.csproj", "{BCF51F73-21EB-4172-980B-0D8DA55693A1}"
EndProject
Project("{FAE04EC0-301F-11D3-BF4B-00C04F79EFBC}") = "Inside.Xamarin.Android", "Inside.Xamarin.Android\Inside.Xamarin.Android.csproj", "{10300BE0-936C-4FF2-A564-BD203355D360}"
EndProject
Project("{FAE04EC0-301F-11D3-BF4B-00C04F79EFBC}") = "Inside.Xamarin.iOS", "Inside.Xamarin.iOS\Inside.Xamarin.iOS.csproj", "{47C15A89-2019-4C5B-A075-84F9CF98403A}"
EndProject
Global
	GlobalSection(SolutionConfigurationPlatforms) = preSolution
		Ad-Hoc|Any CPU = Ad-Hoc|Any CPU
		Ad-Hoc|iPhone = Ad-Hoc|iPhone
		Ad-Hoc|iPhoneSimulator = Ad-Hoc|iPhoneSimulator
		AppStore|Any CPU = AppStore|Any CPU
		AppStore|iPhone = AppStore|iPhone
		AppStore|iPhoneSimulator = AppStore|iPhoneSimulator
		Debug|Any CPU = Debug|Any CPU
		Debug|iPhone = Debug|iPhone
		Debug|iPhoneSimulator = Debug|iPhoneSimulator
		Release|Any CPU = Release|Any CPU
		Release|iPhone = Release|iPhone
		Release|iPhoneSimulator = Release|iPhoneSimulator
	EndGlobalSection
	GlobalSection(ProjectConfigurationPlatforms) = postSolution
		{F7EE4B0C-B867-40B5-A339-54536484D57C}.Ad-Hoc|Any CPU.ActiveCfg = Debug|Any CPU
		{F7EE4B0C-B867-40B5-A339-54536484D57C}.Ad-Hoc|Any CPU.Build.0 = Debug|Any CPU
		{F7EE4B0C-B867-40B5-A339-54536484D57C}.Ad-Hoc|iPhone.ActiveCfg = Debug|Any CPU
		{F7EE4B0C-B867-40B5-A339-54536484D57C}.Ad-Hoc|iPhone.Build.0 = Debug|Any CPU
		{F7EE4B0C-B867-40B5-A339-54536484D57C}.Ad-Hoc|iPhoneSimulator.ActiveCfg = Debug|Any CPU
		{F7EE4B0C-B867-40B5-A339-54536484D57C}.Ad-Hoc|iPhoneSimulator.Build.0 = Debug|Any CPU
		{F7EE4B0C-B867-40B5-A339-54536484D57C}.AppStore|Any CPU.ActiveCfg = Debug|Any CPU
		{F7EE4B0C-B867-40B5-A339-54536484D57C}.AppStore|Any CPU.Build.0 = Debug|Any CPU
		{F7EE4B0C-B867-40B5-A339-54536484D57C}.AppStore|iPhone.ActiveCfg = Debug|Any CPU
		{F7EE4B0C-B867-40B5-A339-54536484D57C}.AppStore|iPhone.Build.0 = Debug|Any CPU
		{F7EE4B0C-B867-40B5-A339-54536484D57C}.AppStore|iPhoneSimulator.ActiveCfg = Debug|Any CPU
		{F7EE4B0C-B867-40B5-A339-54536484D57C}.AppStore|iPhoneSimulator.Build.0 = Debug|Any CPU
		{F7EE4B0C-B867-40B5-A339-54536484D57C}.Debug|Any CPU.ActiveCfg = Debug|Any CPU
		{F7EE4B0C-B867-40B5-A339-54536484D57C}.Debug|Any CPU.Build.0 = Debug|Any CPU
		{F7EE4B0C-B867-40B5-A339-54536484D57C}.Debug|iPhone.ActiveCfg = Debug|Any CPU
		{F7EE4B0C-B867-40B5-A339-54536484D57C}.Debug|iPhone.Build.0 = Debug|Any CPU
		{F7EE4B0C-B867-40B5-A339-54536484D57C}.Debug|iPhoneSimulator.ActiveCfg = Debug|Any CPU
		{F7EE4B0C-B867-40B5-A339-54536484D57C}.Debug|iPhoneSimulator.Build.0 = Debug|Any CPU
		{F7EE4B0C-B867-40B5-A339-54536484D57C}.Release|Any CPU.ActiveCfg = Release|Any CPU
		{F7EE4B0C-B867-40B5-A339-54536484D57C}.Release|Any CPU.Build.0 = Release|Any CPU
		{F7EE4B0C-B867-40B5-A339-54536484D57C}.Release|iPhone.ActiveCfg = Release|Any CPU
		{F7EE4B0C-B867-40B5-A339-54536484D57C}.Release|iPhone.Build.0 = Release|Any CPU
		{F7EE4B0C-B867-40B5-A339-54536484D57C}.Release|iPhoneSimulator.ActiveCfg = Release|Any CPU
		{F7EE4B0C-B867-40B5-A339-54536484D57C}.Release|iPhoneSimulator.Build.0 = Release|Any CPU
		{B83833AF-9274-44D6-B338-21E54A398577}.Ad-Hoc|Any CPU.ActiveCfg = Debug|Any CPU
		{B83833AF-9274-44D6-B338-21E54A398577}.Ad-Hoc|Any CPU.Build.0 = Debug|Any CPU
		{B83833AF-9274-44D6-B338-21E54A398577}.Ad-Hoc|iPhone.ActiveCfg = Debug|Any CPU
		{B83833AF-9274-44D6-B338-21E54A398577}.Ad-Hoc|iPhone.Build.0 = Debug|Any CPU
		{B83833AF-9274-44D6-B338-21E54A398577}.Ad-Hoc|iPhoneSimulator.ActiveCfg = Debug|Any CPU
		{B83833AF-9274-44D6-B338-21E54A398577}.Ad-Hoc|iPhoneSimulator.Build.0 = Debug|Any CPU
		{B83833AF-9274-44D6-B338-21E54A398577}.AppStore|Any CPU.ActiveCfg = Debug|Any CPU
		{B83833AF-9274-44D6-B338-21E54A398577}.AppStore|Any CPU.Build.0 = Debug|Any CPU
		{B83833AF-9274-44D6-B338-21E54A398577}.AppStore|iPhone.ActiveCfg = Debug|Any CPU
		{B83833AF-9274-44D6-B338-21E54A398577}.AppStore|iPhone.Build.0 = Debug|Any CPU
		{B83833AF-9274-44D6-B338-21E54A398577}.AppStore|iPhoneSimulator.ActiveCfg = Debug|Any CPU
		{B83833AF-9274-44D6-B338-21E54A398577}.AppStore|iPhoneSimulator.Build.0 = Debug|Any CPU
		{B83833AF-9274-44D6-B338-21E54A398577}.Debug|Any CPU.ActiveCfg = Debug|Any CPU
		{B83833AF-9274-44D6-B338-21E54A398577}.Debug|Any CPU.Build.0 = Debug|Any CPU
		{B83833AF-9274-44D6-B338-21E54A398577}.Debug|iPhone.ActiveCfg = Debug|Any CPU
		{B83833AF-9274-44D6-B338-21E54A398577}.Debug|iPhone.Build.0 = Debug|Any CPU
		{B83833AF-9274-44D6-B338-21E54A398577}.Debug|iPhoneSimulator.ActiveCfg = Debug|Any CPU
		{B83833AF-9274-44D6-B338-21E54A398577}.Debug|iPhoneSimulator.Build.0 = Debug|Any CPU
		{B83833AF-9274-44D6-B338-21E54A398577}.Release|Any CPU.ActiveCfg = Release|Any CPU
		{B83833AF-9274-44D6-B338-21E54A398577}.Release|Any CPU.Build.0 = Release|Any CPU
		{B83833AF-9274-44D6-B338-21E54A398577}.Release|iPhone.ActiveCfg = Release|Any CPU
		{B83833AF-9274-44D6-B338-21E54A398577}.Release|iPhone.Build.0 = Release|Any CPU
		{B83833AF-9274-44D6-B338-21E54A398577}.Release|iPhoneSimulator.ActiveCfg = Release|Any CPU
		{B83833AF-9274-44D6-B338-21E54A398577}.Release|iPhoneSimulator.Build.0 = Release|Any CPU
		{637E3D7E-D6F7-4EAB-B59A-64A431DC0E4B}.Ad-Hoc|Any CPU.ActiveCfg = Debug|Any CPU
		{637E3D7E-D6F7-4EAB-B59A-64A431DC0E4B}.Ad-Hoc|Any CPU.Build.0 = Debug|Any CPU
		{637E3D7E-D6F7-4EAB-B59A-64A431DC0E4B}.Ad-Hoc|iPhone.ActiveCfg = Debug|Any CPU
		{637E3D7E-D6F7-4EAB-B59A-64A431DC0E4B}.Ad-Hoc|iPhone.Build.0 = Debug|Any CPU
		{637E3D7E-D6F7-4EAB-B59A-64A431DC0E4B}.Ad-Hoc|iPhoneSimulator.ActiveCfg = Debug|Any CPU
		{637E3D7E-D6F7-4EAB-B59A-64A431DC0E4B}.Ad-Hoc|iPhoneSimulator.Build.0 = Debug|Any CPU
		{637E3D7E-D6F7-4EAB-B59A-64A431DC0E4B}.AppStore|Any CPU.ActiveCfg = Debug|Any CPU
		{637E3D7E-D6F7-4EAB-B59A-64A431DC0E4B}.AppStore|Any CPU.Build.0 = Debug|Any CPU
		{637E3D7E-D6F7-4EAB-B59A-64A431DC0E4B}.AppStore|iPhone.ActiveCfg = Debug|Any CPU
		{637E3D7E-D6F7-4EAB-B59A-64A431DC0E4B}.AppStore|iPhone.Build.0 = Debug|Any CPU
		{637E3D7E-D6F7-4EAB-B59A-64A431DC0E4B}.AppStore|iPhoneSimulator.ActiveCfg = Debug|Any CPU
		{637E3D7E-D6F7-4EAB-B59A-64A431DC0E4B}.AppStore|iPhoneSimulator.Build.0 = Debug|Any CPU
		{637E3D7E-D6F7-4EAB-B59A-64A431DC0E4B}.Debug|Any CPU.ActiveCfg = Debug|Any CPU
		{637E3D7E-D6F7-4EAB-B59A-64A431DC0E4B}.Debug|Any CPU.Build.0 = Debug|Any CPU
		{637E3D7E-D6F7-4EAB-B59A-64A431DC0E4B}.Debug|iPhone.ActiveCfg = Debug|Any CPU
		{637E3D7E-D6F7-4EAB-B59A-64A431DC0E4B}.Debug|iPhone.Build.0 = Debug|Any CPU
		{637E3D7E-D6F7-4EAB-B59A-64A431DC0E4B}.Debug|iPhoneSimulator.ActiveCfg = Debug|Any CPU
		{637E3D7E-D6F7-4EAB-B59A-64A431DC0E4B}.Debug|iPhoneSimulator.Build.0 = Debug|Any CPU
		{637E3D7E-D6F7-4EAB-B59A-64A431DC0E4B}.Release|Any CPU.ActiveCfg = Release|Any CPU
		{637E3D7E-D6F7-4EAB-B59A-64A431DC0E4B}.Release|Any CPU.Build.0 = Release|Any CPU
		{637E3D7E-D6F7-4EAB-B59A-64A431DC0E4B}.Release|iPhone.ActiveCfg = Release|Any CPU
		{637E3D7E-D6F7-4EAB-B59A-64A431DC0E4B}.Release|iPhone.Build.0 = Release|Any CPU
		{637E3D7E-D6F7-4EAB-B59A-64A431DC0E4B}.Release|iPhoneSimulator.ActiveCfg = Release|Any CPU
		{637E3D7E-D6F7-4EAB-B59A-64A431DC0E4B}.Release|iPhoneSimulator.Build.0 = Release|Any CPU
		{F0AE7893-AC60-479E-8249-66395C617F4A}.Ad-Hoc|Any CPU.ActiveCfg = Debug|Any CPU
		{F0AE7893-AC60-479E-8249-66395C617F4A}.Ad-Hoc|Any CPU.Build.0 = Debug|Any CPU
		{F0AE7893-AC60-479E-8249-66395C617F4A}.Ad-Hoc|iPhone.ActiveCfg = Debug|Any CPU
		{F0AE7893-AC60-479E-8249-66395C617F4A}.Ad-Hoc|iPhone.Build.0 = Debug|Any CPU
		{F0AE7893-AC60-479E-8249-66395C617F4A}.Ad-Hoc|iPhoneSimulator.ActiveCfg = Debug|Any CPU
		{F0AE7893-AC60-479E-8249-66395C617F4A}.Ad-Hoc|iPhoneSimulator.Build.0 = Debug|Any CPU
		{F0AE7893-AC60-479E-8249-66395C617F4A}.AppStore|Any CPU.ActiveCfg = Debug|Any CPU
		{F0AE7893-AC60-479E-8249-66395C617F4A}.AppStore|Any CPU.Build.0 = Debug|Any CPU
		{F0AE7893-AC60-479E-8249-66395C617F4A}.AppStore|iPhone.ActiveCfg = Debug|Any CPU
		{F0AE7893-AC60-479E-8249-66395C617F4A}.AppStore|iPhone.Build.0 = Debug|Any CPU
		{F0AE7893-AC60-479E-8249-66395C617F4A}.AppStore|iPhoneSimulator.ActiveCfg = Debug|Any CPU
		{F0AE7893-AC60-479E-8249-66395C617F4A}.AppStore|iPhoneSimulator.Build.0 = Debug|Any CPU
		{F0AE7893-AC60-479E-8249-66395C617F4A}.Debug|Any CPU.ActiveCfg = Debug|Any CPU
		{F0AE7893-AC60-479E-8249-66395C617F4A}.Debug|Any CPU.Build.0 = Debug|Any CPU
		{F0AE7893-AC60-479E-8249-66395C617F4A}.Debug|iPhone.ActiveCfg = Debug|Any CPU
		{F0AE7893-AC60-479E-8249-66395C617F4A}.Debug|iPhone.Build.0 = Debug|Any CPU
		{F0AE7893-AC60-479E-8249-66395C617F4A}.Debug|iPhoneSimulator.ActiveCfg = Debug|Any CPU
		{F0AE7893-AC60-479E-8249-66395C617F4A}.Debug|iPhoneSimulator.Build.0 = Debug|Any CPU
		{F0AE7893-AC60-479E-8249-66395C617F4A}.Release|Any CPU.ActiveCfg = Release|Any CPU
		{F0AE7893-AC60-479E-8249-66395C617F4A}.Release|Any CPU.Build.0 = Release|Any CPU
		{F0AE7893-AC60-479E-8249-66395C617F4A}.Release|iPhone.ActiveCfg = Release|Any CPU
		{F0AE7893-AC60-479E-8249-66395C617F4A}.Release|iPhone.Build.0 = Release|Any CPU
		{F0AE7893-AC60-479E-8249-66395C617F4A}.Release|iPhoneSimulator.ActiveCfg = Release|Any CPU
		{F0AE7893-AC60-479E-8249-66395C617F4A}.Release|iPhoneSimulator.Build.0 = Release|Any CPU
		{BCF51F73-21EB-4172-980B-0D8DA55693A1}.Ad-Hoc|Any CPU.ActiveCfg = Debug|Any CPU
		{BCF51F73-21EB-4172-980B-0D8DA55693A1}.Ad-Hoc|Any CPU.Build.0 = Debug|Any CPU
		{BCF51F73-21EB-4172-980B-0D8DA55693A1}.Ad-Hoc|iPhone.ActiveCfg = Debug|Any CPU
		{BCF51F73-21EB-4172-980B-0D8DA55693A1}.Ad-Hoc|iPhone.Build.0 = Debug|Any CPU
		{BCF51F73-21EB-4172-980B-0D8DA55693A1}.Ad-Hoc|iPhoneSimulator.ActiveCfg = Debug|Any CPU
		{BCF51F73-21EB-4172-980B-0D8DA55693A1}.Ad-Hoc|iPhoneSimulator.Build.0 = Debug|Any CPU
		{BCF51F73-21EB-4172-980B-0D8DA55693A1}.AppStore|Any CPU.ActiveCfg = Debug|Any CPU
		{BCF51F73-21EB-4172-980B-0D8DA55693A1}.AppStore|Any CPU.Build.0 = Debug|Any CPU
		{BCF51F73-21EB-4172-980B-0D8DA55693A1}.AppStore|iPhone.ActiveCfg = Debug|Any CPU
		{BCF51F73-21EB-4172-980B-0D8DA55693A1}.AppStore|iPhone.Build.0 = Debug|Any CPU
		{BCF51F73-21EB-4172-980B-0D8DA55693A1}.AppStore|iPhoneSimulator.ActiveCfg = Debug|Any CPU
		{BCF51F73-21EB-4172-980B-0D8DA55693A1}.AppStore|iPhoneSimulator.Build.0 = Debug|Any CPU
		{BCF51F73-21EB-4172-980B-0D8DA55693A1}.Debug|Any CPU.ActiveCfg = Debug|Any CPU
		{BCF51F73-21EB-4172-980B-0D8DA55693A1}.Debug|Any CPU.Build.0 = Debug|Any CPU
		{BCF51F73-21EB-4172-980B-0D8DA55693A1}.Debug|iPhone.ActiveCfg = Debug|Any CPU
		{BCF51F73-21EB-4172-980B-0D8DA55693A1}.Debug|iPhone.Build.0 = Debug|Any CPU
		{BCF51F73-21EB-4172-980B-0D8DA55693A1}.Debug|iPhoneSimulator.ActiveCfg = Debug|Any CPU
		{BCF51F73-21EB-4172-980B-0D8DA55693A1}.Debug|iPhoneSimulator.Build.0 = Debug|Any CPU
		{BCF51F73-21EB-4172-980B-0D8DA55693A1}.Release|Any CPU.ActiveCfg = Release|Any CPU
		{BCF51F73-21EB-4172-980B-0D8DA55693A1}.Release|Any CPU.Build.0 = Release|Any CPU
		{BCF51F73-21EB-4172-980B-0D8DA55693A1}.Release|iPhone.ActiveCfg = Release|Any CPU
		{BCF51F73-21EB-4172-980B-0D8DA55693A1}.Release|iPhone.Build.0 = Release|Any CPU
		{BCF51F73-21EB-4172-980B-0D8DA55693A1}.Release|iPhoneSimulator.ActiveCfg = Release|Any CPU
		{BCF51F73-21EB-4172-980B-0D8DA55693A1}.Release|iPhoneSimulator.Build.0 = Release|Any CPU
		{10300BE0-936C-4FF2-A564-BD203355D360}.Ad-Hoc|Any CPU.ActiveCfg = Release|Any CPU
		{10300BE0-936C-4FF2-A564-BD203355D360}.Ad-Hoc|Any CPU.Build.0 = Release|Any CPU
		{10300BE0-936C-4FF2-A564-BD203355D360}.Ad-Hoc|Any CPU.Deploy.0 = Release|Any CPU
		{10300BE0-936C-4FF2-A564-BD203355D360}.Ad-Hoc|iPhone.ActiveCfg = Release|Any CPU
		{10300BE0-936C-4FF2-A564-BD203355D360}.Ad-Hoc|iPhone.Build.0 = Release|Any CPU
		{10300BE0-936C-4FF2-A564-BD203355D360}.Ad-Hoc|iPhone.Deploy.0 = Release|Any CPU
		{10300BE0-936C-4FF2-A564-BD203355D360}.Ad-Hoc|iPhoneSimulator.ActiveCfg = Release|Any CPU
		{10300BE0-936C-4FF2-A564-BD203355D360}.Ad-Hoc|iPhoneSimulator.Build.0 = Release|Any CPU
		{10300BE0-936C-4FF2-A564-BD203355D360}.Ad-Hoc|iPhoneSimulator.Deploy.0 = Release|Any CPU
		{10300BE0-936C-4FF2-A564-BD203355D360}.AppStore|Any CPU.ActiveCfg = Release|Any CPU
		{10300BE0-936C-4FF2-A564-BD203355D360}.AppStore|Any CPU.Build.0 = Release|Any CPU
		{10300BE0-936C-4FF2-A564-BD203355D360}.AppStore|Any CPU.Deploy.0 = Release|Any CPU
		{10300BE0-936C-4FF2-A564-BD203355D360}.AppStore|iPhone.ActiveCfg = Release|Any CPU
		{10300BE0-936C-4FF2-A564-BD203355D360}.AppStore|iPhone.Build.0 = Release|Any CPU
		{10300BE0-936C-4FF2-A564-BD203355D360}.AppStore|iPhone.Deploy.0 = Release|Any CPU
		{10300BE0-936C-4FF2-A564-BD203355D360}.AppStore|iPhoneSimulator.ActiveCfg = Release|Any CPU
		{10300BE0-936C-4FF2-A564-BD203355D360}.AppStore|iPhoneSimulator.Build.0 = Release|Any CPU
		{10300BE0-936C-4FF2-A564-BD203355D360}.AppStore|iPhoneSimulator.Deploy.0 = Release|Any CPU
		{10300BE0-936C-4FF2-A564-BD203355D360}.Debug|Any CPU.ActiveCfg = Debug|Any CPU
		{10300BE0-936C-4FF2-A564-BD203355D360}.Debug|Any CPU.Build.0 = Debug|Any CPU
		{10300BE0-936C-4FF2-A564-BD203355D360}.Debug|Any CPU.Deploy.0 = Debug|Any CPU
		{10300BE0-936C-4FF2-A564-BD203355D360}.Debug|iPhone.ActiveCfg = Debug|Any CPU
		{10300BE0-936C-4FF2-A564-BD203355D360}.Debug|iPhone.Build.0 = Debug|Any CPU
		{10300BE0-936C-4FF2-A564-BD203355D360}.Debug|iPhone.Deploy.0 = Debug|Any CPU
		{10300BE0-936C-4FF2-A564-BD203355D360}.Debug|iPhoneSimulator.ActiveCfg = Debug|Any CPU
		{10300BE0-936C-4FF2-A564-BD203355D360}.Debug|iPhoneSimulator.Build.0 = Debug|Any CPU
		{10300BE0-936C-4FF2-A564-BD203355D360}.Debug|iPhoneSimulator.Deploy.0 = Debug|Any CPU
		{10300BE0-936C-4FF2-A564-BD203355D360}.Release|Any CPU.ActiveCfg = Release|Any CPU
		{10300BE0-936C-4FF2-A564-BD203355D360}.Release|Any CPU.Build.0 = Release|Any CPU
		{10300BE0-936C-4FF2-A564-BD203355D360}.Release|Any CPU.Deploy.0 = Release|Any CPU
		{10300BE0-936C-4FF2-A564-BD203355D360}.Release|iPhone.ActiveCfg = Release|Any CPU
		{10300BE0-936C-4FF2-A564-BD203355D360}.Release|iPhone.Build.0 = Release|Any CPU
		{10300BE0-936C-4FF2-A564-BD203355D360}.Release|iPhone.Deploy.0 = Release|Any CPU
		{10300BE0-936C-4FF2-A564-BD203355D360}.Release|iPhoneSimulator.ActiveCfg = Release|Any CPU
		{10300BE0-936C-4FF2-A564-BD203355D360}.Release|iPhoneSimulator.Build.0 = Release|Any CPU
		{10300BE0-936C-4FF2-A564-BD203355D360}.Release|iPhoneSimulator.Deploy.0 = Release|Any CPU
		{47C15A89-2019-4C5B-A075-84F9CF98403A}.Ad-Hoc|Any CPU.ActiveCfg = Ad-Hoc|iPhone
		{47C15A89-2019-4C5B-A075-84F9CF98403A}.Ad-Hoc|iPhone.ActiveCfg = Ad-Hoc|iPhone
		{47C15A89-2019-4C5B-A075-84F9CF98403A}.Ad-Hoc|iPhone.Build.0 = Ad-Hoc|iPhone
		{47C15A89-2019-4C5B-A075-84F9CF98403A}.Ad-Hoc|iPhoneSimulator.ActiveCfg = Ad-Hoc|iPhoneSimulator
		{47C15A89-2019-4C5B-A075-84F9CF98403A}.Ad-Hoc|iPhoneSimulator.Build.0 = Ad-Hoc|iPhoneSimulator
		{47C15A89-2019-4C5B-A075-84F9CF98403A}.AppStore|Any CPU.ActiveCfg = AppStore|iPhone
		{47C15A89-2019-4C5B-A075-84F9CF98403A}.AppStore|iPhone.ActiveCfg = AppStore|iPhone
		{47C15A89-2019-4C5B-A075-84F9CF98403A}.AppStore|iPhone.Build.0 = AppStore|iPhone
		{47C15A89-2019-4C5B-A075-84F9CF98403A}.AppStore|iPhoneSimulator.ActiveCfg = AppStore|iPhoneSimulator
		{47C15A89-2019-4C5B-A075-84F9CF98403A}.AppStore|iPhoneSimulator.Build.0 = AppStore|iPhoneSimulator
		{47C15A89-2019-4C5B-A075-84F9CF98403A}.Debug|Any CPU.ActiveCfg = Debug|iPhone
		{47C15A89-2019-4C5B-A075-84F9CF98403A}.Debug|iPhone.ActiveCfg = Debug|iPhone
		{47C15A89-2019-4C5B-A075-84F9CF98403A}.Debug|iPhone.Build.0 = Debug|iPhone
		{47C15A89-2019-4C5B-A075-84F9CF98403A}.Debug|iPhoneSimulator.ActiveCfg = Debug|iPhoneSimulator
		{47C15A89-2019-4C5B-A075-84F9CF98403A}.Debug|iPhoneSimulator.Build.0 = Debug|iPhoneSimulator
		{47C15A89-2019-4C5B-A075-84F9CF98403A}.Release|Any CPU.ActiveCfg = Release|iPhone
		{47C15A89-2019-4C5B-A075-84F9CF98403A}.Release|iPhone.ActiveCfg = Release|iPhone
		{47C15A89-2019-4C5B-A075-84F9CF98403A}.Release|iPhone.Build.0 = Release|iPhone
		{47C15A89-2019-4C5B-A075-84F9CF98403A}.Release|iPhoneSimulator.ActiveCfg = Release|iPhoneSimulator
		{47C15A89-2019-4C5B-A075-84F9CF98403A}.Release|iPhoneSimulator.Build.0 = Release|iPhoneSimulator
	EndGlobalSection
	GlobalSection(SolutionProperties) = preSolution
		HideSolutionNode = FALSE
	EndGlobalSection
	GlobalSection(ExtensibilityGlobals) = postSolution
		SolutionGuid = {D3961141-F44D-407C-B9F2-F1A1DBE1BDC9}
	EndGlobalSection
EndGlobal
