
Microsoft Visual Studio Solution File, Format Version 12.00
# Visual Studio 15
VisualStudioVersion = 15.0.27130.2036
MinimumVisualStudioVersion = 10.0.40219.1
Project("{9A19103F-16F7-4668-BE54-9A1E7A4F7556}") = "Inside.Xamarin", "Inside.Xamarin\Inside.Xamarin.csproj", "{BAFF9D47-D9D2-45F1-98E1-D4FF7A8BFDA7}"
EndProject
Project("{FAE04EC0-301F-11D3-BF4B-00C04F79EFBC}") = "Inside.Xamarin.Android", "Inside.Xamarin.Android\Inside.Xamarin.Android.csproj", "{10300BE0-936C-4FF2-A564-BD203355D360}"
EndProject
Project("{FAE04EC0-301F-11D3-BF4B-00C04F79EFBC}") = "Inside.Xamarin.iOS", "Inside.Xamarin.iOS\Inside.Xamarin.iOS.csproj", "{47C15A89-2019-4C5B-A075-84F9CF98403A}"
EndProject
Project("{9A19103F-16F7-4668-BE54-9A1E7A4F7556}") = "Inside.Domain", "Inside.Domain\Inside.Domain.csproj", "{B8841A94-37BA-4F21-ACE3-B93D37C07C63}"
EndProject
Project("{9A19103F-16F7-4668-BE54-9A1E7A4F7556}") = "Inside.Web", "Inside.Web\Inside.Web.csproj", "{83E4778C-3951-47D8-92F9-1D8BD918AD9E}"
EndProject
Project("{9A19103F-16F7-4668-BE54-9A1E7A4F7556}") = "Inside.Notifications.Tester", "Inside.Notifications.Tester\Inside.Notifications.Tester.csproj", "{C072C14B-4DA5-46EB-AAE6-49446098DB87}"
EndProject
Project("{9A19103F-16F7-4668-BE54-9A1E7A4F7556}") = "NextPark.Models", "NextPark.Models\NextPark.Models.csproj", "{86D6B856-CCBC-492D-8D53-EB5D77F31BA2}"
EndProject
Project("{9A19103F-16F7-4668-BE54-9A1E7A4F7556}") = "NextPark.Domain", "NextPark.Domain\NextPark.Domain.csproj", "{E8937624-2DB0-4731-AA76-CB15AFB9D28A}"
EndProject
Project("{9A19103F-16F7-4668-BE54-9A1E7A4F7556}") = "NextPark.Enums", "NextPark.Enums\NextPark.Enums.csproj", "{17996BED-3436-429E-89E3-CAEB16CC3952}"
EndProject
Project("{9A19103F-16F7-4668-BE54-9A1E7A4F7556}") = "NextPark.Data", "NextPark.Data\NextPark.Data.csproj", "{63E5CC37-F5DA-4974-993E-77DEB58EDAFA}"
EndProject
Project("{9A19103F-16F7-4668-BE54-9A1E7A4F7556}") = "NextPark.Mapper", "NextPark.Mapper\NextPark.Mapper.csproj", "{209A3A67-AE93-494D-997C-D06535F5A56F}"
EndProject
Project("{9A19103F-16F7-4668-BE54-9A1E7A4F7556}") = "NextPark.Api", "NextPark.Api\NextPark.Api.csproj", "{D5562D12-1C89-4D66-9B7D-EFFC34787E2F}"
EndProject
Project("{9A19103F-16F7-4668-BE54-9A1E7A4F7556}") = "NextPark.Services", "NextPark.Services\NextPark.Services.csproj", "{8F242EC7-D8C4-437E-A6D4-C9B48C227ECB}"
EndProject
Project("{2150E333-8FDC-42A3-9474-1A3956D46DE8}") = "Inside", "Inside", "{52B4A50B-E32F-4515-BCF0-1B2FFE85F8A9}"
EndProject
Project("{2150E333-8FDC-42A3-9474-1A3956D46DE8}") = "Core", "Core", "{F2048ADD-FFBD-40C8-91A3-97BCF02E4BA6}"
EndProject
Project("{2150E333-8FDC-42A3-9474-1A3956D46DE8}") = "Backend", "Backend", "{36C79656-A720-44C7-932C-65D00F416BCC}"
EndProject
Project("{2150E333-8FDC-42A3-9474-1A3956D46DE8}") = "Mobile", "Mobile", "{C68F92D9-AB62-43ED-85B1-8711933BE0AF}"
EndProject
Global
	GlobalSection(SolutionConfigurationPlatforms) = preSolution
		Ad-Hoc|Any CPU = Ad-Hoc|Any CPU
		Ad-Hoc|ARM = Ad-Hoc|ARM
		Ad-Hoc|iPhone = Ad-Hoc|iPhone
		Ad-Hoc|iPhoneSimulator = Ad-Hoc|iPhoneSimulator
		Ad-Hoc|x64 = Ad-Hoc|x64
		Ad-Hoc|x86 = Ad-Hoc|x86
		AppStore|Any CPU = AppStore|Any CPU
		AppStore|ARM = AppStore|ARM
		AppStore|iPhone = AppStore|iPhone
		AppStore|iPhoneSimulator = AppStore|iPhoneSimulator
		AppStore|x64 = AppStore|x64
		AppStore|x86 = AppStore|x86
		Debug|Any CPU = Debug|Any CPU
		Debug|ARM = Debug|ARM
		Debug|iPhone = Debug|iPhone
		Debug|iPhoneSimulator = Debug|iPhoneSimulator
		Debug|x64 = Debug|x64
		Debug|x86 = Debug|x86
		Release|Any CPU = Release|Any CPU
		Release|ARM = Release|ARM
		Release|iPhone = Release|iPhone
		Release|iPhoneSimulator = Release|iPhoneSimulator
		Release|x64 = Release|x64
		Release|x86 = Release|x86
	EndGlobalSection
	GlobalSection(ProjectConfigurationPlatforms) = postSolution
		{BAFF9D47-D9D2-45F1-98E1-D4FF7A8BFDA7}.Ad-Hoc|Any CPU.ActiveCfg = Debug|Any CPU
		{BAFF9D47-D9D2-45F1-98E1-D4FF7A8BFDA7}.Ad-Hoc|Any CPU.Build.0 = Debug|Any CPU
		{BAFF9D47-D9D2-45F1-98E1-D4FF7A8BFDA7}.Ad-Hoc|ARM.ActiveCfg = Release|Any CPU
		{BAFF9D47-D9D2-45F1-98E1-D4FF7A8BFDA7}.Ad-Hoc|ARM.Build.0 = Release|Any CPU
		{BAFF9D47-D9D2-45F1-98E1-D4FF7A8BFDA7}.Ad-Hoc|iPhone.ActiveCfg = Debug|Any CPU
		{BAFF9D47-D9D2-45F1-98E1-D4FF7A8BFDA7}.Ad-Hoc|iPhone.Build.0 = Debug|Any CPU
		{BAFF9D47-D9D2-45F1-98E1-D4FF7A8BFDA7}.Ad-Hoc|iPhoneSimulator.ActiveCfg = Debug|Any CPU
		{BAFF9D47-D9D2-45F1-98E1-D4FF7A8BFDA7}.Ad-Hoc|iPhoneSimulator.Build.0 = Debug|Any CPU
		{BAFF9D47-D9D2-45F1-98E1-D4FF7A8BFDA7}.Ad-Hoc|x64.ActiveCfg = Release|Any CPU
		{BAFF9D47-D9D2-45F1-98E1-D4FF7A8BFDA7}.Ad-Hoc|x64.Build.0 = Release|Any CPU
		{BAFF9D47-D9D2-45F1-98E1-D4FF7A8BFDA7}.Ad-Hoc|x86.ActiveCfg = Release|Any CPU
		{BAFF9D47-D9D2-45F1-98E1-D4FF7A8BFDA7}.Ad-Hoc|x86.Build.0 = Release|Any CPU
		{BAFF9D47-D9D2-45F1-98E1-D4FF7A8BFDA7}.AppStore|Any CPU.ActiveCfg = Debug|Any CPU
		{BAFF9D47-D9D2-45F1-98E1-D4FF7A8BFDA7}.AppStore|Any CPU.Build.0 = Debug|Any CPU
		{BAFF9D47-D9D2-45F1-98E1-D4FF7A8BFDA7}.AppStore|ARM.ActiveCfg = Release|Any CPU
		{BAFF9D47-D9D2-45F1-98E1-D4FF7A8BFDA7}.AppStore|ARM.Build.0 = Release|Any CPU
		{BAFF9D47-D9D2-45F1-98E1-D4FF7A8BFDA7}.AppStore|iPhone.ActiveCfg = Debug|Any CPU
		{BAFF9D47-D9D2-45F1-98E1-D4FF7A8BFDA7}.AppStore|iPhone.Build.0 = Debug|Any CPU
		{BAFF9D47-D9D2-45F1-98E1-D4FF7A8BFDA7}.AppStore|iPhoneSimulator.ActiveCfg = Debug|Any CPU
		{BAFF9D47-D9D2-45F1-98E1-D4FF7A8BFDA7}.AppStore|iPhoneSimulator.Build.0 = Debug|Any CPU
		{BAFF9D47-D9D2-45F1-98E1-D4FF7A8BFDA7}.AppStore|x64.ActiveCfg = Release|Any CPU
		{BAFF9D47-D9D2-45F1-98E1-D4FF7A8BFDA7}.AppStore|x64.Build.0 = Release|Any CPU
		{BAFF9D47-D9D2-45F1-98E1-D4FF7A8BFDA7}.AppStore|x86.ActiveCfg = Release|Any CPU
		{BAFF9D47-D9D2-45F1-98E1-D4FF7A8BFDA7}.AppStore|x86.Build.0 = Release|Any CPU
		{BAFF9D47-D9D2-45F1-98E1-D4FF7A8BFDA7}.Debug|Any CPU.ActiveCfg = Debug|Any CPU
		{BAFF9D47-D9D2-45F1-98E1-D4FF7A8BFDA7}.Debug|Any CPU.Build.0 = Debug|Any CPU
		{BAFF9D47-D9D2-45F1-98E1-D4FF7A8BFDA7}.Debug|ARM.ActiveCfg = Debug|Any CPU
		{BAFF9D47-D9D2-45F1-98E1-D4FF7A8BFDA7}.Debug|ARM.Build.0 = Debug|Any CPU
		{BAFF9D47-D9D2-45F1-98E1-D4FF7A8BFDA7}.Debug|iPhone.ActiveCfg = Debug|Any CPU
		{BAFF9D47-D9D2-45F1-98E1-D4FF7A8BFDA7}.Debug|iPhone.Build.0 = Debug|Any CPU
		{BAFF9D47-D9D2-45F1-98E1-D4FF7A8BFDA7}.Debug|iPhoneSimulator.ActiveCfg = Debug|Any CPU
		{BAFF9D47-D9D2-45F1-98E1-D4FF7A8BFDA7}.Debug|iPhoneSimulator.Build.0 = Debug|Any CPU
		{BAFF9D47-D9D2-45F1-98E1-D4FF7A8BFDA7}.Debug|x64.ActiveCfg = Debug|Any CPU
		{BAFF9D47-D9D2-45F1-98E1-D4FF7A8BFDA7}.Debug|x64.Build.0 = Debug|Any CPU
		{BAFF9D47-D9D2-45F1-98E1-D4FF7A8BFDA7}.Debug|x86.ActiveCfg = Debug|Any CPU
		{BAFF9D47-D9D2-45F1-98E1-D4FF7A8BFDA7}.Debug|x86.Build.0 = Debug|Any CPU
		{BAFF9D47-D9D2-45F1-98E1-D4FF7A8BFDA7}.Release|Any CPU.ActiveCfg = Release|Any CPU
		{BAFF9D47-D9D2-45F1-98E1-D4FF7A8BFDA7}.Release|Any CPU.Build.0 = Release|Any CPU
		{BAFF9D47-D9D2-45F1-98E1-D4FF7A8BFDA7}.Release|ARM.ActiveCfg = Release|Any CPU
		{BAFF9D47-D9D2-45F1-98E1-D4FF7A8BFDA7}.Release|ARM.Build.0 = Release|Any CPU
		{BAFF9D47-D9D2-45F1-98E1-D4FF7A8BFDA7}.Release|iPhone.ActiveCfg = Release|Any CPU
		{BAFF9D47-D9D2-45F1-98E1-D4FF7A8BFDA7}.Release|iPhone.Build.0 = Release|Any CPU
		{BAFF9D47-D9D2-45F1-98E1-D4FF7A8BFDA7}.Release|iPhoneSimulator.ActiveCfg = Release|Any CPU
		{BAFF9D47-D9D2-45F1-98E1-D4FF7A8BFDA7}.Release|iPhoneSimulator.Build.0 = Release|Any CPU
		{BAFF9D47-D9D2-45F1-98E1-D4FF7A8BFDA7}.Release|x64.ActiveCfg = Release|Any CPU
		{BAFF9D47-D9D2-45F1-98E1-D4FF7A8BFDA7}.Release|x64.Build.0 = Release|Any CPU
		{BAFF9D47-D9D2-45F1-98E1-D4FF7A8BFDA7}.Release|x86.ActiveCfg = Release|Any CPU
		{BAFF9D47-D9D2-45F1-98E1-D4FF7A8BFDA7}.Release|x86.Build.0 = Release|Any CPU
		{10300BE0-936C-4FF2-A564-BD203355D360}.Ad-Hoc|Any CPU.ActiveCfg = Release|Any CPU
		{10300BE0-936C-4FF2-A564-BD203355D360}.Ad-Hoc|Any CPU.Build.0 = Release|Any CPU
		{10300BE0-936C-4FF2-A564-BD203355D360}.Ad-Hoc|Any CPU.Deploy.0 = Release|Any CPU
		{10300BE0-936C-4FF2-A564-BD203355D360}.Ad-Hoc|ARM.ActiveCfg = Debug|Any CPU
		{10300BE0-936C-4FF2-A564-BD203355D360}.Ad-Hoc|ARM.Build.0 = Debug|Any CPU
		{10300BE0-936C-4FF2-A564-BD203355D360}.Ad-Hoc|ARM.Deploy.0 = Debug|Any CPU
		{10300BE0-936C-4FF2-A564-BD203355D360}.Ad-Hoc|iPhone.ActiveCfg = Release|Any CPU
		{10300BE0-936C-4FF2-A564-BD203355D360}.Ad-Hoc|iPhone.Build.0 = Release|Any CPU
		{10300BE0-936C-4FF2-A564-BD203355D360}.Ad-Hoc|iPhone.Deploy.0 = Release|Any CPU
		{10300BE0-936C-4FF2-A564-BD203355D360}.Ad-Hoc|iPhoneSimulator.ActiveCfg = Release|Any CPU
		{10300BE0-936C-4FF2-A564-BD203355D360}.Ad-Hoc|iPhoneSimulator.Build.0 = Release|Any CPU
		{10300BE0-936C-4FF2-A564-BD203355D360}.Ad-Hoc|iPhoneSimulator.Deploy.0 = Release|Any CPU
		{10300BE0-936C-4FF2-A564-BD203355D360}.Ad-Hoc|x64.ActiveCfg = Debug|Any CPU
		{10300BE0-936C-4FF2-A564-BD203355D360}.Ad-Hoc|x64.Build.0 = Debug|Any CPU
		{10300BE0-936C-4FF2-A564-BD203355D360}.Ad-Hoc|x64.Deploy.0 = Debug|Any CPU
		{10300BE0-936C-4FF2-A564-BD203355D360}.Ad-Hoc|x86.ActiveCfg = Debug|Any CPU
		{10300BE0-936C-4FF2-A564-BD203355D360}.Ad-Hoc|x86.Build.0 = Debug|Any CPU
		{10300BE0-936C-4FF2-A564-BD203355D360}.Ad-Hoc|x86.Deploy.0 = Debug|Any CPU
		{10300BE0-936C-4FF2-A564-BD203355D360}.AppStore|Any CPU.ActiveCfg = Release|Any CPU
		{10300BE0-936C-4FF2-A564-BD203355D360}.AppStore|Any CPU.Build.0 = Release|Any CPU
		{10300BE0-936C-4FF2-A564-BD203355D360}.AppStore|Any CPU.Deploy.0 = Release|Any CPU
		{10300BE0-936C-4FF2-A564-BD203355D360}.AppStore|ARM.ActiveCfg = Debug|Any CPU
		{10300BE0-936C-4FF2-A564-BD203355D360}.AppStore|ARM.Build.0 = Debug|Any CPU
		{10300BE0-936C-4FF2-A564-BD203355D360}.AppStore|ARM.Deploy.0 = Debug|Any CPU
		{10300BE0-936C-4FF2-A564-BD203355D360}.AppStore|iPhone.ActiveCfg = Release|Any CPU
		{10300BE0-936C-4FF2-A564-BD203355D360}.AppStore|iPhone.Build.0 = Release|Any CPU
		{10300BE0-936C-4FF2-A564-BD203355D360}.AppStore|iPhone.Deploy.0 = Release|Any CPU
		{10300BE0-936C-4FF2-A564-BD203355D360}.AppStore|iPhoneSimulator.ActiveCfg = Release|Any CPU
		{10300BE0-936C-4FF2-A564-BD203355D360}.AppStore|iPhoneSimulator.Build.0 = Release|Any CPU
		{10300BE0-936C-4FF2-A564-BD203355D360}.AppStore|iPhoneSimulator.Deploy.0 = Release|Any CPU
		{10300BE0-936C-4FF2-A564-BD203355D360}.AppStore|x64.ActiveCfg = Debug|Any CPU
		{10300BE0-936C-4FF2-A564-BD203355D360}.AppStore|x64.Build.0 = Debug|Any CPU
		{10300BE0-936C-4FF2-A564-BD203355D360}.AppStore|x64.Deploy.0 = Debug|Any CPU
		{10300BE0-936C-4FF2-A564-BD203355D360}.AppStore|x86.ActiveCfg = Debug|Any CPU
		{10300BE0-936C-4FF2-A564-BD203355D360}.AppStore|x86.Build.0 = Debug|Any CPU
		{10300BE0-936C-4FF2-A564-BD203355D360}.AppStore|x86.Deploy.0 = Debug|Any CPU
		{10300BE0-936C-4FF2-A564-BD203355D360}.Debug|Any CPU.ActiveCfg = Debug|Any CPU
		{10300BE0-936C-4FF2-A564-BD203355D360}.Debug|Any CPU.Build.0 = Debug|Any CPU
		{10300BE0-936C-4FF2-A564-BD203355D360}.Debug|Any CPU.Deploy.0 = Debug|Any CPU
		{10300BE0-936C-4FF2-A564-BD203355D360}.Debug|ARM.ActiveCfg = Debug|Any CPU
		{10300BE0-936C-4FF2-A564-BD203355D360}.Debug|ARM.Build.0 = Debug|Any CPU
		{10300BE0-936C-4FF2-A564-BD203355D360}.Debug|ARM.Deploy.0 = Debug|Any CPU
		{10300BE0-936C-4FF2-A564-BD203355D360}.Debug|iPhone.ActiveCfg = Debug|Any CPU
		{10300BE0-936C-4FF2-A564-BD203355D360}.Debug|iPhone.Build.0 = Debug|Any CPU
		{10300BE0-936C-4FF2-A564-BD203355D360}.Debug|iPhone.Deploy.0 = Debug|Any CPU
		{10300BE0-936C-4FF2-A564-BD203355D360}.Debug|iPhoneSimulator.ActiveCfg = Debug|Any CPU
		{10300BE0-936C-4FF2-A564-BD203355D360}.Debug|iPhoneSimulator.Build.0 = Debug|Any CPU
		{10300BE0-936C-4FF2-A564-BD203355D360}.Debug|iPhoneSimulator.Deploy.0 = Debug|Any CPU
		{10300BE0-936C-4FF2-A564-BD203355D360}.Debug|x64.ActiveCfg = Debug|Any CPU
		{10300BE0-936C-4FF2-A564-BD203355D360}.Debug|x64.Build.0 = Debug|Any CPU
		{10300BE0-936C-4FF2-A564-BD203355D360}.Debug|x64.Deploy.0 = Debug|Any CPU
		{10300BE0-936C-4FF2-A564-BD203355D360}.Debug|x86.ActiveCfg = Debug|Any CPU
		{10300BE0-936C-4FF2-A564-BD203355D360}.Debug|x86.Build.0 = Debug|Any CPU
		{10300BE0-936C-4FF2-A564-BD203355D360}.Debug|x86.Deploy.0 = Debug|Any CPU
		{10300BE0-936C-4FF2-A564-BD203355D360}.Release|Any CPU.ActiveCfg = Release|Any CPU
		{10300BE0-936C-4FF2-A564-BD203355D360}.Release|Any CPU.Build.0 = Release|Any CPU
		{10300BE0-936C-4FF2-A564-BD203355D360}.Release|Any CPU.Deploy.0 = Release|Any CPU
		{10300BE0-936C-4FF2-A564-BD203355D360}.Release|ARM.ActiveCfg = Release|Any CPU
		{10300BE0-936C-4FF2-A564-BD203355D360}.Release|ARM.Build.0 = Release|Any CPU
		{10300BE0-936C-4FF2-A564-BD203355D360}.Release|ARM.Deploy.0 = Release|Any CPU
		{10300BE0-936C-4FF2-A564-BD203355D360}.Release|iPhone.ActiveCfg = Release|Any CPU
		{10300BE0-936C-4FF2-A564-BD203355D360}.Release|iPhone.Build.0 = Release|Any CPU
		{10300BE0-936C-4FF2-A564-BD203355D360}.Release|iPhone.Deploy.0 = Release|Any CPU
		{10300BE0-936C-4FF2-A564-BD203355D360}.Release|iPhoneSimulator.ActiveCfg = Release|Any CPU
		{10300BE0-936C-4FF2-A564-BD203355D360}.Release|iPhoneSimulator.Build.0 = Release|Any CPU
		{10300BE0-936C-4FF2-A564-BD203355D360}.Release|iPhoneSimulator.Deploy.0 = Release|Any CPU
		{10300BE0-936C-4FF2-A564-BD203355D360}.Release|x64.ActiveCfg = Release|Any CPU
		{10300BE0-936C-4FF2-A564-BD203355D360}.Release|x64.Build.0 = Release|Any CPU
		{10300BE0-936C-4FF2-A564-BD203355D360}.Release|x64.Deploy.0 = Release|Any CPU
		{10300BE0-936C-4FF2-A564-BD203355D360}.Release|x86.ActiveCfg = Release|Any CPU
		{10300BE0-936C-4FF2-A564-BD203355D360}.Release|x86.Build.0 = Release|Any CPU
		{10300BE0-936C-4FF2-A564-BD203355D360}.Release|x86.Deploy.0 = Release|Any CPU
		{47C15A89-2019-4C5B-A075-84F9CF98403A}.Ad-Hoc|Any CPU.ActiveCfg = Ad-Hoc|iPhone
		{47C15A89-2019-4C5B-A075-84F9CF98403A}.Ad-Hoc|ARM.ActiveCfg = Ad-Hoc|iPhoneSimulator
		{47C15A89-2019-4C5B-A075-84F9CF98403A}.Ad-Hoc|iPhone.ActiveCfg = Ad-Hoc|iPhone
		{47C15A89-2019-4C5B-A075-84F9CF98403A}.Ad-Hoc|iPhone.Build.0 = Ad-Hoc|iPhone
		{47C15A89-2019-4C5B-A075-84F9CF98403A}.Ad-Hoc|iPhoneSimulator.ActiveCfg = Ad-Hoc|iPhoneSimulator
		{47C15A89-2019-4C5B-A075-84F9CF98403A}.Ad-Hoc|iPhoneSimulator.Build.0 = Ad-Hoc|iPhoneSimulator
		{47C15A89-2019-4C5B-A075-84F9CF98403A}.Ad-Hoc|x64.ActiveCfg = Ad-Hoc|iPhoneSimulator
		{47C15A89-2019-4C5B-A075-84F9CF98403A}.Ad-Hoc|x86.ActiveCfg = Ad-Hoc|iPhoneSimulator
		{47C15A89-2019-4C5B-A075-84F9CF98403A}.AppStore|Any CPU.ActiveCfg = AppStore|iPhone
		{47C15A89-2019-4C5B-A075-84F9CF98403A}.AppStore|ARM.ActiveCfg = AppStore|iPhoneSimulator
		{47C15A89-2019-4C5B-A075-84F9CF98403A}.AppStore|iPhone.ActiveCfg = AppStore|iPhone
		{47C15A89-2019-4C5B-A075-84F9CF98403A}.AppStore|iPhone.Build.0 = AppStore|iPhone
		{47C15A89-2019-4C5B-A075-84F9CF98403A}.AppStore|iPhoneSimulator.ActiveCfg = AppStore|iPhoneSimulator
		{47C15A89-2019-4C5B-A075-84F9CF98403A}.AppStore|iPhoneSimulator.Build.0 = AppStore|iPhoneSimulator
		{47C15A89-2019-4C5B-A075-84F9CF98403A}.AppStore|x64.ActiveCfg = AppStore|iPhoneSimulator
		{47C15A89-2019-4C5B-A075-84F9CF98403A}.AppStore|x86.ActiveCfg = AppStore|iPhoneSimulator
		{47C15A89-2019-4C5B-A075-84F9CF98403A}.Debug|Any CPU.ActiveCfg = Debug|iPhone
		{47C15A89-2019-4C5B-A075-84F9CF98403A}.Debug|ARM.ActiveCfg = Debug|iPhoneSimulator
		{47C15A89-2019-4C5B-A075-84F9CF98403A}.Debug|iPhone.ActiveCfg = Debug|iPhone
		{47C15A89-2019-4C5B-A075-84F9CF98403A}.Debug|iPhone.Build.0 = Debug|iPhone
		{47C15A89-2019-4C5B-A075-84F9CF98403A}.Debug|iPhoneSimulator.ActiveCfg = Debug|iPhoneSimulator
		{47C15A89-2019-4C5B-A075-84F9CF98403A}.Debug|iPhoneSimulator.Build.0 = Debug|iPhoneSimulator
		{47C15A89-2019-4C5B-A075-84F9CF98403A}.Debug|x64.ActiveCfg = Debug|iPhoneSimulator
		{47C15A89-2019-4C5B-A075-84F9CF98403A}.Debug|x86.ActiveCfg = Debug|iPhoneSimulator
		{47C15A89-2019-4C5B-A075-84F9CF98403A}.Release|Any CPU.ActiveCfg = Release|iPhone
		{47C15A89-2019-4C5B-A075-84F9CF98403A}.Release|ARM.ActiveCfg = Release|iPhoneSimulator
		{47C15A89-2019-4C5B-A075-84F9CF98403A}.Release|iPhone.ActiveCfg = Release|iPhone
		{47C15A89-2019-4C5B-A075-84F9CF98403A}.Release|iPhone.Build.0 = Release|iPhone
		{47C15A89-2019-4C5B-A075-84F9CF98403A}.Release|iPhoneSimulator.ActiveCfg = Release|iPhoneSimulator
		{47C15A89-2019-4C5B-A075-84F9CF98403A}.Release|iPhoneSimulator.Build.0 = Release|iPhoneSimulator
		{47C15A89-2019-4C5B-A075-84F9CF98403A}.Release|x64.ActiveCfg = Release|iPhoneSimulator
		{47C15A89-2019-4C5B-A075-84F9CF98403A}.Release|x86.ActiveCfg = Release|iPhoneSimulator
		{B8841A94-37BA-4F21-ACE3-B93D37C07C63}.Ad-Hoc|Any CPU.ActiveCfg = Debug|Any CPU
		{B8841A94-37BA-4F21-ACE3-B93D37C07C63}.Ad-Hoc|Any CPU.Build.0 = Debug|Any CPU
		{B8841A94-37BA-4F21-ACE3-B93D37C07C63}.Ad-Hoc|ARM.ActiveCfg = Debug|Any CPU
		{B8841A94-37BA-4F21-ACE3-B93D37C07C63}.Ad-Hoc|ARM.Build.0 = Debug|Any CPU
		{B8841A94-37BA-4F21-ACE3-B93D37C07C63}.Ad-Hoc|iPhone.ActiveCfg = Debug|Any CPU
		{B8841A94-37BA-4F21-ACE3-B93D37C07C63}.Ad-Hoc|iPhone.Build.0 = Debug|Any CPU
		{B8841A94-37BA-4F21-ACE3-B93D37C07C63}.Ad-Hoc|iPhoneSimulator.ActiveCfg = Debug|Any CPU
		{B8841A94-37BA-4F21-ACE3-B93D37C07C63}.Ad-Hoc|iPhoneSimulator.Build.0 = Debug|Any CPU
		{B8841A94-37BA-4F21-ACE3-B93D37C07C63}.Ad-Hoc|x64.ActiveCfg = Debug|Any CPU
		{B8841A94-37BA-4F21-ACE3-B93D37C07C63}.Ad-Hoc|x64.Build.0 = Debug|Any CPU
		{B8841A94-37BA-4F21-ACE3-B93D37C07C63}.Ad-Hoc|x86.ActiveCfg = Debug|Any CPU
		{B8841A94-37BA-4F21-ACE3-B93D37C07C63}.Ad-Hoc|x86.Build.0 = Debug|Any CPU
		{B8841A94-37BA-4F21-ACE3-B93D37C07C63}.AppStore|Any CPU.ActiveCfg = Debug|Any CPU
		{B8841A94-37BA-4F21-ACE3-B93D37C07C63}.AppStore|Any CPU.Build.0 = Debug|Any CPU
		{B8841A94-37BA-4F21-ACE3-B93D37C07C63}.AppStore|ARM.ActiveCfg = Debug|Any CPU
		{B8841A94-37BA-4F21-ACE3-B93D37C07C63}.AppStore|ARM.Build.0 = Debug|Any CPU
		{B8841A94-37BA-4F21-ACE3-B93D37C07C63}.AppStore|iPhone.ActiveCfg = Debug|Any CPU
		{B8841A94-37BA-4F21-ACE3-B93D37C07C63}.AppStore|iPhone.Build.0 = Debug|Any CPU
		{B8841A94-37BA-4F21-ACE3-B93D37C07C63}.AppStore|iPhoneSimulator.ActiveCfg = Debug|Any CPU
		{B8841A94-37BA-4F21-ACE3-B93D37C07C63}.AppStore|iPhoneSimulator.Build.0 = Debug|Any CPU
		{B8841A94-37BA-4F21-ACE3-B93D37C07C63}.AppStore|x64.ActiveCfg = Debug|Any CPU
		{B8841A94-37BA-4F21-ACE3-B93D37C07C63}.AppStore|x64.Build.0 = Debug|Any CPU
		{B8841A94-37BA-4F21-ACE3-B93D37C07C63}.AppStore|x86.ActiveCfg = Debug|Any CPU
		{B8841A94-37BA-4F21-ACE3-B93D37C07C63}.AppStore|x86.Build.0 = Debug|Any CPU
		{B8841A94-37BA-4F21-ACE3-B93D37C07C63}.Debug|Any CPU.ActiveCfg = Debug|Any CPU
		{B8841A94-37BA-4F21-ACE3-B93D37C07C63}.Debug|Any CPU.Build.0 = Debug|Any CPU
		{B8841A94-37BA-4F21-ACE3-B93D37C07C63}.Debug|ARM.ActiveCfg = Debug|Any CPU
		{B8841A94-37BA-4F21-ACE3-B93D37C07C63}.Debug|ARM.Build.0 = Debug|Any CPU
		{B8841A94-37BA-4F21-ACE3-B93D37C07C63}.Debug|iPhone.ActiveCfg = Debug|Any CPU
		{B8841A94-37BA-4F21-ACE3-B93D37C07C63}.Debug|iPhone.Build.0 = Debug|Any CPU
		{B8841A94-37BA-4F21-ACE3-B93D37C07C63}.Debug|iPhoneSimulator.ActiveCfg = Debug|Any CPU
		{B8841A94-37BA-4F21-ACE3-B93D37C07C63}.Debug|iPhoneSimulator.Build.0 = Debug|Any CPU
		{B8841A94-37BA-4F21-ACE3-B93D37C07C63}.Debug|x64.ActiveCfg = Debug|Any CPU
		{B8841A94-37BA-4F21-ACE3-B93D37C07C63}.Debug|x64.Build.0 = Debug|Any CPU
		{B8841A94-37BA-4F21-ACE3-B93D37C07C63}.Debug|x86.ActiveCfg = Debug|Any CPU
		{B8841A94-37BA-4F21-ACE3-B93D37C07C63}.Debug|x86.Build.0 = Debug|Any CPU
		{B8841A94-37BA-4F21-ACE3-B93D37C07C63}.Release|Any CPU.ActiveCfg = Release|Any CPU
		{B8841A94-37BA-4F21-ACE3-B93D37C07C63}.Release|Any CPU.Build.0 = Release|Any CPU
		{B8841A94-37BA-4F21-ACE3-B93D37C07C63}.Release|ARM.ActiveCfg = Release|Any CPU
		{B8841A94-37BA-4F21-ACE3-B93D37C07C63}.Release|ARM.Build.0 = Release|Any CPU
		{B8841A94-37BA-4F21-ACE3-B93D37C07C63}.Release|iPhone.ActiveCfg = Release|Any CPU
		{B8841A94-37BA-4F21-ACE3-B93D37C07C63}.Release|iPhone.Build.0 = Release|Any CPU
		{B8841A94-37BA-4F21-ACE3-B93D37C07C63}.Release|iPhoneSimulator.ActiveCfg = Release|Any CPU
		{B8841A94-37BA-4F21-ACE3-B93D37C07C63}.Release|iPhoneSimulator.Build.0 = Release|Any CPU
		{B8841A94-37BA-4F21-ACE3-B93D37C07C63}.Release|x64.ActiveCfg = Release|Any CPU
		{B8841A94-37BA-4F21-ACE3-B93D37C07C63}.Release|x64.Build.0 = Release|Any CPU
		{B8841A94-37BA-4F21-ACE3-B93D37C07C63}.Release|x86.ActiveCfg = Release|Any CPU
		{B8841A94-37BA-4F21-ACE3-B93D37C07C63}.Release|x86.Build.0 = Release|Any CPU
		{83E4778C-3951-47D8-92F9-1D8BD918AD9E}.Ad-Hoc|Any CPU.ActiveCfg = Debug|Any CPU
		{83E4778C-3951-47D8-92F9-1D8BD918AD9E}.Ad-Hoc|Any CPU.Build.0 = Debug|Any CPU
		{83E4778C-3951-47D8-92F9-1D8BD918AD9E}.Ad-Hoc|ARM.ActiveCfg = Debug|Any CPU
		{83E4778C-3951-47D8-92F9-1D8BD918AD9E}.Ad-Hoc|ARM.Build.0 = Debug|Any CPU
		{83E4778C-3951-47D8-92F9-1D8BD918AD9E}.Ad-Hoc|iPhone.ActiveCfg = Debug|Any CPU
		{83E4778C-3951-47D8-92F9-1D8BD918AD9E}.Ad-Hoc|iPhone.Build.0 = Debug|Any CPU
		{83E4778C-3951-47D8-92F9-1D8BD918AD9E}.Ad-Hoc|iPhoneSimulator.ActiveCfg = Debug|Any CPU
		{83E4778C-3951-47D8-92F9-1D8BD918AD9E}.Ad-Hoc|iPhoneSimulator.Build.0 = Debug|Any CPU
		{83E4778C-3951-47D8-92F9-1D8BD918AD9E}.Ad-Hoc|x64.ActiveCfg = Debug|Any CPU
		{83E4778C-3951-47D8-92F9-1D8BD918AD9E}.Ad-Hoc|x64.Build.0 = Debug|Any CPU
		{83E4778C-3951-47D8-92F9-1D8BD918AD9E}.Ad-Hoc|x86.ActiveCfg = Debug|Any CPU
		{83E4778C-3951-47D8-92F9-1D8BD918AD9E}.Ad-Hoc|x86.Build.0 = Debug|Any CPU
		{83E4778C-3951-47D8-92F9-1D8BD918AD9E}.AppStore|Any CPU.ActiveCfg = Debug|Any CPU
		{83E4778C-3951-47D8-92F9-1D8BD918AD9E}.AppStore|Any CPU.Build.0 = Debug|Any CPU
		{83E4778C-3951-47D8-92F9-1D8BD918AD9E}.AppStore|ARM.ActiveCfg = Debug|Any CPU
		{83E4778C-3951-47D8-92F9-1D8BD918AD9E}.AppStore|ARM.Build.0 = Debug|Any CPU
		{83E4778C-3951-47D8-92F9-1D8BD918AD9E}.AppStore|iPhone.ActiveCfg = Debug|Any CPU
		{83E4778C-3951-47D8-92F9-1D8BD918AD9E}.AppStore|iPhone.Build.0 = Debug|Any CPU
		{83E4778C-3951-47D8-92F9-1D8BD918AD9E}.AppStore|iPhoneSimulator.ActiveCfg = Debug|Any CPU
		{83E4778C-3951-47D8-92F9-1D8BD918AD9E}.AppStore|iPhoneSimulator.Build.0 = Debug|Any CPU
		{83E4778C-3951-47D8-92F9-1D8BD918AD9E}.AppStore|x64.ActiveCfg = Debug|Any CPU
		{83E4778C-3951-47D8-92F9-1D8BD918AD9E}.AppStore|x64.Build.0 = Debug|Any CPU
		{83E4778C-3951-47D8-92F9-1D8BD918AD9E}.AppStore|x86.ActiveCfg = Debug|Any CPU
		{83E4778C-3951-47D8-92F9-1D8BD918AD9E}.AppStore|x86.Build.0 = Debug|Any CPU
		{83E4778C-3951-47D8-92F9-1D8BD918AD9E}.Debug|Any CPU.ActiveCfg = Debug|Any CPU
		{83E4778C-3951-47D8-92F9-1D8BD918AD9E}.Debug|Any CPU.Build.0 = Debug|Any CPU
		{83E4778C-3951-47D8-92F9-1D8BD918AD9E}.Debug|ARM.ActiveCfg = Debug|Any CPU
		{83E4778C-3951-47D8-92F9-1D8BD918AD9E}.Debug|ARM.Build.0 = Debug|Any CPU
		{83E4778C-3951-47D8-92F9-1D8BD918AD9E}.Debug|iPhone.ActiveCfg = Debug|Any CPU
		{83E4778C-3951-47D8-92F9-1D8BD918AD9E}.Debug|iPhone.Build.0 = Debug|Any CPU
		{83E4778C-3951-47D8-92F9-1D8BD918AD9E}.Debug|iPhoneSimulator.ActiveCfg = Debug|Any CPU
		{83E4778C-3951-47D8-92F9-1D8BD918AD9E}.Debug|iPhoneSimulator.Build.0 = Debug|Any CPU
		{83E4778C-3951-47D8-92F9-1D8BD918AD9E}.Debug|x64.ActiveCfg = Debug|Any CPU
		{83E4778C-3951-47D8-92F9-1D8BD918AD9E}.Debug|x64.Build.0 = Debug|Any CPU
		{83E4778C-3951-47D8-92F9-1D8BD918AD9E}.Debug|x86.ActiveCfg = Debug|Any CPU
		{83E4778C-3951-47D8-92F9-1D8BD918AD9E}.Debug|x86.Build.0 = Debug|Any CPU
		{83E4778C-3951-47D8-92F9-1D8BD918AD9E}.Release|Any CPU.ActiveCfg = Release|Any CPU
		{83E4778C-3951-47D8-92F9-1D8BD918AD9E}.Release|Any CPU.Build.0 = Release|Any CPU
		{83E4778C-3951-47D8-92F9-1D8BD918AD9E}.Release|ARM.ActiveCfg = Release|Any CPU
		{83E4778C-3951-47D8-92F9-1D8BD918AD9E}.Release|ARM.Build.0 = Release|Any CPU
		{83E4778C-3951-47D8-92F9-1D8BD918AD9E}.Release|iPhone.ActiveCfg = Release|Any CPU
		{83E4778C-3951-47D8-92F9-1D8BD918AD9E}.Release|iPhone.Build.0 = Release|Any CPU
		{83E4778C-3951-47D8-92F9-1D8BD918AD9E}.Release|iPhoneSimulator.ActiveCfg = Release|Any CPU
		{83E4778C-3951-47D8-92F9-1D8BD918AD9E}.Release|iPhoneSimulator.Build.0 = Release|Any CPU
		{83E4778C-3951-47D8-92F9-1D8BD918AD9E}.Release|x64.ActiveCfg = Release|Any CPU
		{83E4778C-3951-47D8-92F9-1D8BD918AD9E}.Release|x64.Build.0 = Release|Any CPU
		{83E4778C-3951-47D8-92F9-1D8BD918AD9E}.Release|x86.ActiveCfg = Release|Any CPU
		{83E4778C-3951-47D8-92F9-1D8BD918AD9E}.Release|x86.Build.0 = Release|Any CPU
		{C072C14B-4DA5-46EB-AAE6-49446098DB87}.Ad-Hoc|Any CPU.ActiveCfg = Debug|Any CPU
		{C072C14B-4DA5-46EB-AAE6-49446098DB87}.Ad-Hoc|Any CPU.Build.0 = Debug|Any CPU
		{C072C14B-4DA5-46EB-AAE6-49446098DB87}.Ad-Hoc|ARM.ActiveCfg = Debug|Any CPU
		{C072C14B-4DA5-46EB-AAE6-49446098DB87}.Ad-Hoc|ARM.Build.0 = Debug|Any CPU
		{C072C14B-4DA5-46EB-AAE6-49446098DB87}.Ad-Hoc|iPhone.ActiveCfg = Debug|Any CPU
		{C072C14B-4DA5-46EB-AAE6-49446098DB87}.Ad-Hoc|iPhone.Build.0 = Debug|Any CPU
		{C072C14B-4DA5-46EB-AAE6-49446098DB87}.Ad-Hoc|iPhoneSimulator.ActiveCfg = Debug|Any CPU
		{C072C14B-4DA5-46EB-AAE6-49446098DB87}.Ad-Hoc|iPhoneSimulator.Build.0 = Debug|Any CPU
		{C072C14B-4DA5-46EB-AAE6-49446098DB87}.Ad-Hoc|x64.ActiveCfg = Debug|Any CPU
		{C072C14B-4DA5-46EB-AAE6-49446098DB87}.Ad-Hoc|x64.Build.0 = Debug|Any CPU
		{C072C14B-4DA5-46EB-AAE6-49446098DB87}.Ad-Hoc|x86.ActiveCfg = Debug|Any CPU
		{C072C14B-4DA5-46EB-AAE6-49446098DB87}.Ad-Hoc|x86.Build.0 = Debug|Any CPU
		{C072C14B-4DA5-46EB-AAE6-49446098DB87}.AppStore|Any CPU.ActiveCfg = Debug|Any CPU
		{C072C14B-4DA5-46EB-AAE6-49446098DB87}.AppStore|Any CPU.Build.0 = Debug|Any CPU
		{C072C14B-4DA5-46EB-AAE6-49446098DB87}.AppStore|ARM.ActiveCfg = Debug|Any CPU
		{C072C14B-4DA5-46EB-AAE6-49446098DB87}.AppStore|ARM.Build.0 = Debug|Any CPU
		{C072C14B-4DA5-46EB-AAE6-49446098DB87}.AppStore|iPhone.ActiveCfg = Debug|Any CPU
		{C072C14B-4DA5-46EB-AAE6-49446098DB87}.AppStore|iPhone.Build.0 = Debug|Any CPU
		{C072C14B-4DA5-46EB-AAE6-49446098DB87}.AppStore|iPhoneSimulator.ActiveCfg = Debug|Any CPU
		{C072C14B-4DA5-46EB-AAE6-49446098DB87}.AppStore|iPhoneSimulator.Build.0 = Debug|Any CPU
		{C072C14B-4DA5-46EB-AAE6-49446098DB87}.AppStore|x64.ActiveCfg = Debug|Any CPU
		{C072C14B-4DA5-46EB-AAE6-49446098DB87}.AppStore|x64.Build.0 = Debug|Any CPU
		{C072C14B-4DA5-46EB-AAE6-49446098DB87}.AppStore|x86.ActiveCfg = Debug|Any CPU
		{C072C14B-4DA5-46EB-AAE6-49446098DB87}.AppStore|x86.Build.0 = Debug|Any CPU
		{C072C14B-4DA5-46EB-AAE6-49446098DB87}.Debug|Any CPU.ActiveCfg = Debug|Any CPU
		{C072C14B-4DA5-46EB-AAE6-49446098DB87}.Debug|Any CPU.Build.0 = Debug|Any CPU
		{C072C14B-4DA5-46EB-AAE6-49446098DB87}.Debug|ARM.ActiveCfg = Debug|Any CPU
		{C072C14B-4DA5-46EB-AAE6-49446098DB87}.Debug|ARM.Build.0 = Debug|Any CPU
		{C072C14B-4DA5-46EB-AAE6-49446098DB87}.Debug|iPhone.ActiveCfg = Debug|Any CPU
		{C072C14B-4DA5-46EB-AAE6-49446098DB87}.Debug|iPhone.Build.0 = Debug|Any CPU
		{C072C14B-4DA5-46EB-AAE6-49446098DB87}.Debug|iPhoneSimulator.ActiveCfg = Debug|Any CPU
		{C072C14B-4DA5-46EB-AAE6-49446098DB87}.Debug|iPhoneSimulator.Build.0 = Debug|Any CPU
		{C072C14B-4DA5-46EB-AAE6-49446098DB87}.Debug|x64.ActiveCfg = Debug|Any CPU
		{C072C14B-4DA5-46EB-AAE6-49446098DB87}.Debug|x64.Build.0 = Debug|Any CPU
		{C072C14B-4DA5-46EB-AAE6-49446098DB87}.Debug|x86.ActiveCfg = Debug|Any CPU
		{C072C14B-4DA5-46EB-AAE6-49446098DB87}.Debug|x86.Build.0 = Debug|Any CPU
		{C072C14B-4DA5-46EB-AAE6-49446098DB87}.Release|Any CPU.ActiveCfg = Release|Any CPU
		{C072C14B-4DA5-46EB-AAE6-49446098DB87}.Release|Any CPU.Build.0 = Release|Any CPU
		{C072C14B-4DA5-46EB-AAE6-49446098DB87}.Release|ARM.ActiveCfg = Release|Any CPU
		{C072C14B-4DA5-46EB-AAE6-49446098DB87}.Release|ARM.Build.0 = Release|Any CPU
		{C072C14B-4DA5-46EB-AAE6-49446098DB87}.Release|iPhone.ActiveCfg = Release|Any CPU
		{C072C14B-4DA5-46EB-AAE6-49446098DB87}.Release|iPhone.Build.0 = Release|Any CPU
		{C072C14B-4DA5-46EB-AAE6-49446098DB87}.Release|iPhoneSimulator.ActiveCfg = Release|Any CPU
		{C072C14B-4DA5-46EB-AAE6-49446098DB87}.Release|iPhoneSimulator.Build.0 = Release|Any CPU
		{C072C14B-4DA5-46EB-AAE6-49446098DB87}.Release|x64.ActiveCfg = Release|Any CPU
		{C072C14B-4DA5-46EB-AAE6-49446098DB87}.Release|x64.Build.0 = Release|Any CPU
		{C072C14B-4DA5-46EB-AAE6-49446098DB87}.Release|x86.ActiveCfg = Release|Any CPU
		{C072C14B-4DA5-46EB-AAE6-49446098DB87}.Release|x86.Build.0 = Release|Any CPU
		{86D6B856-CCBC-492D-8D53-EB5D77F31BA2}.Ad-Hoc|Any CPU.ActiveCfg = Debug|Any CPU
		{86D6B856-CCBC-492D-8D53-EB5D77F31BA2}.Ad-Hoc|Any CPU.Build.0 = Debug|Any CPU
		{86D6B856-CCBC-492D-8D53-EB5D77F31BA2}.Ad-Hoc|ARM.ActiveCfg = Debug|Any CPU
		{86D6B856-CCBC-492D-8D53-EB5D77F31BA2}.Ad-Hoc|ARM.Build.0 = Debug|Any CPU
		{86D6B856-CCBC-492D-8D53-EB5D77F31BA2}.Ad-Hoc|iPhone.ActiveCfg = Debug|Any CPU
		{86D6B856-CCBC-492D-8D53-EB5D77F31BA2}.Ad-Hoc|iPhone.Build.0 = Debug|Any CPU
		{86D6B856-CCBC-492D-8D53-EB5D77F31BA2}.Ad-Hoc|iPhoneSimulator.ActiveCfg = Debug|Any CPU
		{86D6B856-CCBC-492D-8D53-EB5D77F31BA2}.Ad-Hoc|iPhoneSimulator.Build.0 = Debug|Any CPU
		{86D6B856-CCBC-492D-8D53-EB5D77F31BA2}.Ad-Hoc|x64.ActiveCfg = Debug|Any CPU
		{86D6B856-CCBC-492D-8D53-EB5D77F31BA2}.Ad-Hoc|x64.Build.0 = Debug|Any CPU
		{86D6B856-CCBC-492D-8D53-EB5D77F31BA2}.Ad-Hoc|x86.ActiveCfg = Debug|Any CPU
		{86D6B856-CCBC-492D-8D53-EB5D77F31BA2}.Ad-Hoc|x86.Build.0 = Debug|Any CPU
		{86D6B856-CCBC-492D-8D53-EB5D77F31BA2}.AppStore|Any CPU.ActiveCfg = Debug|Any CPU
		{86D6B856-CCBC-492D-8D53-EB5D77F31BA2}.AppStore|Any CPU.Build.0 = Debug|Any CPU
		{86D6B856-CCBC-492D-8D53-EB5D77F31BA2}.AppStore|ARM.ActiveCfg = Debug|Any CPU
		{86D6B856-CCBC-492D-8D53-EB5D77F31BA2}.AppStore|ARM.Build.0 = Debug|Any CPU
		{86D6B856-CCBC-492D-8D53-EB5D77F31BA2}.AppStore|iPhone.ActiveCfg = Debug|Any CPU
		{86D6B856-CCBC-492D-8D53-EB5D77F31BA2}.AppStore|iPhone.Build.0 = Debug|Any CPU
		{86D6B856-CCBC-492D-8D53-EB5D77F31BA2}.AppStore|iPhoneSimulator.ActiveCfg = Debug|Any CPU
		{86D6B856-CCBC-492D-8D53-EB5D77F31BA2}.AppStore|iPhoneSimulator.Build.0 = Debug|Any CPU
		{86D6B856-CCBC-492D-8D53-EB5D77F31BA2}.AppStore|x64.ActiveCfg = Debug|Any CPU
		{86D6B856-CCBC-492D-8D53-EB5D77F31BA2}.AppStore|x64.Build.0 = Debug|Any CPU
		{86D6B856-CCBC-492D-8D53-EB5D77F31BA2}.AppStore|x86.ActiveCfg = Debug|Any CPU
		{86D6B856-CCBC-492D-8D53-EB5D77F31BA2}.AppStore|x86.Build.0 = Debug|Any CPU
		{86D6B856-CCBC-492D-8D53-EB5D77F31BA2}.Debug|Any CPU.ActiveCfg = Debug|Any CPU
		{86D6B856-CCBC-492D-8D53-EB5D77F31BA2}.Debug|Any CPU.Build.0 = Debug|Any CPU
		{86D6B856-CCBC-492D-8D53-EB5D77F31BA2}.Debug|ARM.ActiveCfg = Debug|Any CPU
		{86D6B856-CCBC-492D-8D53-EB5D77F31BA2}.Debug|ARM.Build.0 = Debug|Any CPU
		{86D6B856-CCBC-492D-8D53-EB5D77F31BA2}.Debug|iPhone.ActiveCfg = Debug|Any CPU
		{86D6B856-CCBC-492D-8D53-EB5D77F31BA2}.Debug|iPhone.Build.0 = Debug|Any CPU
		{86D6B856-CCBC-492D-8D53-EB5D77F31BA2}.Debug|iPhoneSimulator.ActiveCfg = Debug|Any CPU
		{86D6B856-CCBC-492D-8D53-EB5D77F31BA2}.Debug|iPhoneSimulator.Build.0 = Debug|Any CPU
		{86D6B856-CCBC-492D-8D53-EB5D77F31BA2}.Debug|x64.ActiveCfg = Debug|Any CPU
		{86D6B856-CCBC-492D-8D53-EB5D77F31BA2}.Debug|x64.Build.0 = Debug|Any CPU
		{86D6B856-CCBC-492D-8D53-EB5D77F31BA2}.Debug|x86.ActiveCfg = Debug|Any CPU
		{86D6B856-CCBC-492D-8D53-EB5D77F31BA2}.Debug|x86.Build.0 = Debug|Any CPU
		{86D6B856-CCBC-492D-8D53-EB5D77F31BA2}.Release|Any CPU.ActiveCfg = Release|Any CPU
		{86D6B856-CCBC-492D-8D53-EB5D77F31BA2}.Release|Any CPU.Build.0 = Release|Any CPU
		{86D6B856-CCBC-492D-8D53-EB5D77F31BA2}.Release|ARM.ActiveCfg = Release|Any CPU
		{86D6B856-CCBC-492D-8D53-EB5D77F31BA2}.Release|ARM.Build.0 = Release|Any CPU
		{86D6B856-CCBC-492D-8D53-EB5D77F31BA2}.Release|iPhone.ActiveCfg = Release|Any CPU
		{86D6B856-CCBC-492D-8D53-EB5D77F31BA2}.Release|iPhone.Build.0 = Release|Any CPU
		{86D6B856-CCBC-492D-8D53-EB5D77F31BA2}.Release|iPhoneSimulator.ActiveCfg = Release|Any CPU
		{86D6B856-CCBC-492D-8D53-EB5D77F31BA2}.Release|iPhoneSimulator.Build.0 = Release|Any CPU
		{86D6B856-CCBC-492D-8D53-EB5D77F31BA2}.Release|x64.ActiveCfg = Release|Any CPU
		{86D6B856-CCBC-492D-8D53-EB5D77F31BA2}.Release|x64.Build.0 = Release|Any CPU
		{86D6B856-CCBC-492D-8D53-EB5D77F31BA2}.Release|x86.ActiveCfg = Release|Any CPU
		{86D6B856-CCBC-492D-8D53-EB5D77F31BA2}.Release|x86.Build.0 = Release|Any CPU
		{E8937624-2DB0-4731-AA76-CB15AFB9D28A}.Ad-Hoc|Any CPU.ActiveCfg = Debug|Any CPU
		{E8937624-2DB0-4731-AA76-CB15AFB9D28A}.Ad-Hoc|Any CPU.Build.0 = Debug|Any CPU
		{E8937624-2DB0-4731-AA76-CB15AFB9D28A}.Ad-Hoc|ARM.ActiveCfg = Debug|Any CPU
		{E8937624-2DB0-4731-AA76-CB15AFB9D28A}.Ad-Hoc|ARM.Build.0 = Debug|Any CPU
		{E8937624-2DB0-4731-AA76-CB15AFB9D28A}.Ad-Hoc|iPhone.ActiveCfg = Debug|Any CPU
		{E8937624-2DB0-4731-AA76-CB15AFB9D28A}.Ad-Hoc|iPhone.Build.0 = Debug|Any CPU
		{E8937624-2DB0-4731-AA76-CB15AFB9D28A}.Ad-Hoc|iPhoneSimulator.ActiveCfg = Debug|Any CPU
		{E8937624-2DB0-4731-AA76-CB15AFB9D28A}.Ad-Hoc|iPhoneSimulator.Build.0 = Debug|Any CPU
		{E8937624-2DB0-4731-AA76-CB15AFB9D28A}.Ad-Hoc|x64.ActiveCfg = Debug|Any CPU
		{E8937624-2DB0-4731-AA76-CB15AFB9D28A}.Ad-Hoc|x64.Build.0 = Debug|Any CPU
		{E8937624-2DB0-4731-AA76-CB15AFB9D28A}.Ad-Hoc|x86.ActiveCfg = Debug|Any CPU
		{E8937624-2DB0-4731-AA76-CB15AFB9D28A}.Ad-Hoc|x86.Build.0 = Debug|Any CPU
		{E8937624-2DB0-4731-AA76-CB15AFB9D28A}.AppStore|Any CPU.ActiveCfg = Debug|Any CPU
		{E8937624-2DB0-4731-AA76-CB15AFB9D28A}.AppStore|Any CPU.Build.0 = Debug|Any CPU
		{E8937624-2DB0-4731-AA76-CB15AFB9D28A}.AppStore|ARM.ActiveCfg = Debug|Any CPU
		{E8937624-2DB0-4731-AA76-CB15AFB9D28A}.AppStore|ARM.Build.0 = Debug|Any CPU
		{E8937624-2DB0-4731-AA76-CB15AFB9D28A}.AppStore|iPhone.ActiveCfg = Debug|Any CPU
		{E8937624-2DB0-4731-AA76-CB15AFB9D28A}.AppStore|iPhone.Build.0 = Debug|Any CPU
		{E8937624-2DB0-4731-AA76-CB15AFB9D28A}.AppStore|iPhoneSimulator.ActiveCfg = Debug|Any CPU
		{E8937624-2DB0-4731-AA76-CB15AFB9D28A}.AppStore|iPhoneSimulator.Build.0 = Debug|Any CPU
		{E8937624-2DB0-4731-AA76-CB15AFB9D28A}.AppStore|x64.ActiveCfg = Debug|Any CPU
		{E8937624-2DB0-4731-AA76-CB15AFB9D28A}.AppStore|x64.Build.0 = Debug|Any CPU
		{E8937624-2DB0-4731-AA76-CB15AFB9D28A}.AppStore|x86.ActiveCfg = Debug|Any CPU
		{E8937624-2DB0-4731-AA76-CB15AFB9D28A}.AppStore|x86.Build.0 = Debug|Any CPU
		{E8937624-2DB0-4731-AA76-CB15AFB9D28A}.Debug|Any CPU.ActiveCfg = Debug|Any CPU
		{E8937624-2DB0-4731-AA76-CB15AFB9D28A}.Debug|Any CPU.Build.0 = Debug|Any CPU
		{E8937624-2DB0-4731-AA76-CB15AFB9D28A}.Debug|ARM.ActiveCfg = Debug|Any CPU
		{E8937624-2DB0-4731-AA76-CB15AFB9D28A}.Debug|ARM.Build.0 = Debug|Any CPU
		{E8937624-2DB0-4731-AA76-CB15AFB9D28A}.Debug|iPhone.ActiveCfg = Debug|Any CPU
		{E8937624-2DB0-4731-AA76-CB15AFB9D28A}.Debug|iPhone.Build.0 = Debug|Any CPU
		{E8937624-2DB0-4731-AA76-CB15AFB9D28A}.Debug|iPhoneSimulator.ActiveCfg = Debug|Any CPU
		{E8937624-2DB0-4731-AA76-CB15AFB9D28A}.Debug|iPhoneSimulator.Build.0 = Debug|Any CPU
		{E8937624-2DB0-4731-AA76-CB15AFB9D28A}.Debug|x64.ActiveCfg = Debug|Any CPU
		{E8937624-2DB0-4731-AA76-CB15AFB9D28A}.Debug|x64.Build.0 = Debug|Any CPU
		{E8937624-2DB0-4731-AA76-CB15AFB9D28A}.Debug|x86.ActiveCfg = Debug|Any CPU
		{E8937624-2DB0-4731-AA76-CB15AFB9D28A}.Debug|x86.Build.0 = Debug|Any CPU
		{E8937624-2DB0-4731-AA76-CB15AFB9D28A}.Release|Any CPU.ActiveCfg = Release|Any CPU
		{E8937624-2DB0-4731-AA76-CB15AFB9D28A}.Release|Any CPU.Build.0 = Release|Any CPU
		{E8937624-2DB0-4731-AA76-CB15AFB9D28A}.Release|ARM.ActiveCfg = Release|Any CPU
		{E8937624-2DB0-4731-AA76-CB15AFB9D28A}.Release|ARM.Build.0 = Release|Any CPU
		{E8937624-2DB0-4731-AA76-CB15AFB9D28A}.Release|iPhone.ActiveCfg = Release|Any CPU
		{E8937624-2DB0-4731-AA76-CB15AFB9D28A}.Release|iPhone.Build.0 = Release|Any CPU
		{E8937624-2DB0-4731-AA76-CB15AFB9D28A}.Release|iPhoneSimulator.ActiveCfg = Release|Any CPU
		{E8937624-2DB0-4731-AA76-CB15AFB9D28A}.Release|iPhoneSimulator.Build.0 = Release|Any CPU
		{E8937624-2DB0-4731-AA76-CB15AFB9D28A}.Release|x64.ActiveCfg = Release|Any CPU
		{E8937624-2DB0-4731-AA76-CB15AFB9D28A}.Release|x64.Build.0 = Release|Any CPU
		{E8937624-2DB0-4731-AA76-CB15AFB9D28A}.Release|x86.ActiveCfg = Release|Any CPU
		{E8937624-2DB0-4731-AA76-CB15AFB9D28A}.Release|x86.Build.0 = Release|Any CPU
		{17996BED-3436-429E-89E3-CAEB16CC3952}.Ad-Hoc|Any CPU.ActiveCfg = Debug|Any CPU
		{17996BED-3436-429E-89E3-CAEB16CC3952}.Ad-Hoc|Any CPU.Build.0 = Debug|Any CPU
		{17996BED-3436-429E-89E3-CAEB16CC3952}.Ad-Hoc|ARM.ActiveCfg = Debug|Any CPU
		{17996BED-3436-429E-89E3-CAEB16CC3952}.Ad-Hoc|ARM.Build.0 = Debug|Any CPU
		{17996BED-3436-429E-89E3-CAEB16CC3952}.Ad-Hoc|iPhone.ActiveCfg = Debug|Any CPU
		{17996BED-3436-429E-89E3-CAEB16CC3952}.Ad-Hoc|iPhone.Build.0 = Debug|Any CPU
		{17996BED-3436-429E-89E3-CAEB16CC3952}.Ad-Hoc|iPhoneSimulator.ActiveCfg = Debug|Any CPU
		{17996BED-3436-429E-89E3-CAEB16CC3952}.Ad-Hoc|iPhoneSimulator.Build.0 = Debug|Any CPU
		{17996BED-3436-429E-89E3-CAEB16CC3952}.Ad-Hoc|x64.ActiveCfg = Debug|Any CPU
		{17996BED-3436-429E-89E3-CAEB16CC3952}.Ad-Hoc|x64.Build.0 = Debug|Any CPU
		{17996BED-3436-429E-89E3-CAEB16CC3952}.Ad-Hoc|x86.ActiveCfg = Debug|Any CPU
		{17996BED-3436-429E-89E3-CAEB16CC3952}.Ad-Hoc|x86.Build.0 = Debug|Any CPU
		{17996BED-3436-429E-89E3-CAEB16CC3952}.AppStore|Any CPU.ActiveCfg = Debug|Any CPU
		{17996BED-3436-429E-89E3-CAEB16CC3952}.AppStore|Any CPU.Build.0 = Debug|Any CPU
		{17996BED-3436-429E-89E3-CAEB16CC3952}.AppStore|ARM.ActiveCfg = Debug|Any CPU
		{17996BED-3436-429E-89E3-CAEB16CC3952}.AppStore|ARM.Build.0 = Debug|Any CPU
		{17996BED-3436-429E-89E3-CAEB16CC3952}.AppStore|iPhone.ActiveCfg = Debug|Any CPU
		{17996BED-3436-429E-89E3-CAEB16CC3952}.AppStore|iPhone.Build.0 = Debug|Any CPU
		{17996BED-3436-429E-89E3-CAEB16CC3952}.AppStore|iPhoneSimulator.ActiveCfg = Debug|Any CPU
		{17996BED-3436-429E-89E3-CAEB16CC3952}.AppStore|iPhoneSimulator.Build.0 = Debug|Any CPU
		{17996BED-3436-429E-89E3-CAEB16CC3952}.AppStore|x64.ActiveCfg = Debug|Any CPU
		{17996BED-3436-429E-89E3-CAEB16CC3952}.AppStore|x64.Build.0 = Debug|Any CPU
		{17996BED-3436-429E-89E3-CAEB16CC3952}.AppStore|x86.ActiveCfg = Debug|Any CPU
		{17996BED-3436-429E-89E3-CAEB16CC3952}.AppStore|x86.Build.0 = Debug|Any CPU
		{17996BED-3436-429E-89E3-CAEB16CC3952}.Debug|Any CPU.ActiveCfg = Debug|Any CPU
		{17996BED-3436-429E-89E3-CAEB16CC3952}.Debug|Any CPU.Build.0 = Debug|Any CPU
		{17996BED-3436-429E-89E3-CAEB16CC3952}.Debug|ARM.ActiveCfg = Debug|Any CPU
		{17996BED-3436-429E-89E3-CAEB16CC3952}.Debug|ARM.Build.0 = Debug|Any CPU
		{17996BED-3436-429E-89E3-CAEB16CC3952}.Debug|iPhone.ActiveCfg = Debug|Any CPU
		{17996BED-3436-429E-89E3-CAEB16CC3952}.Debug|iPhone.Build.0 = Debug|Any CPU
		{17996BED-3436-429E-89E3-CAEB16CC3952}.Debug|iPhoneSimulator.ActiveCfg = Debug|Any CPU
		{17996BED-3436-429E-89E3-CAEB16CC3952}.Debug|iPhoneSimulator.Build.0 = Debug|Any CPU
		{17996BED-3436-429E-89E3-CAEB16CC3952}.Debug|x64.ActiveCfg = Debug|Any CPU
		{17996BED-3436-429E-89E3-CAEB16CC3952}.Debug|x64.Build.0 = Debug|Any CPU
		{17996BED-3436-429E-89E3-CAEB16CC3952}.Debug|x86.ActiveCfg = Debug|Any CPU
		{17996BED-3436-429E-89E3-CAEB16CC3952}.Debug|x86.Build.0 = Debug|Any CPU
		{17996BED-3436-429E-89E3-CAEB16CC3952}.Release|Any CPU.ActiveCfg = Release|Any CPU
		{17996BED-3436-429E-89E3-CAEB16CC3952}.Release|Any CPU.Build.0 = Release|Any CPU
		{17996BED-3436-429E-89E3-CAEB16CC3952}.Release|ARM.ActiveCfg = Release|Any CPU
		{17996BED-3436-429E-89E3-CAEB16CC3952}.Release|ARM.Build.0 = Release|Any CPU
		{17996BED-3436-429E-89E3-CAEB16CC3952}.Release|iPhone.ActiveCfg = Release|Any CPU
		{17996BED-3436-429E-89E3-CAEB16CC3952}.Release|iPhone.Build.0 = Release|Any CPU
		{17996BED-3436-429E-89E3-CAEB16CC3952}.Release|iPhoneSimulator.ActiveCfg = Release|Any CPU
		{17996BED-3436-429E-89E3-CAEB16CC3952}.Release|iPhoneSimulator.Build.0 = Release|Any CPU
		{17996BED-3436-429E-89E3-CAEB16CC3952}.Release|x64.ActiveCfg = Release|Any CPU
		{17996BED-3436-429E-89E3-CAEB16CC3952}.Release|x64.Build.0 = Release|Any CPU
		{17996BED-3436-429E-89E3-CAEB16CC3952}.Release|x86.ActiveCfg = Release|Any CPU
		{17996BED-3436-429E-89E3-CAEB16CC3952}.Release|x86.Build.0 = Release|Any CPU
		{63E5CC37-F5DA-4974-993E-77DEB58EDAFA}.Ad-Hoc|Any CPU.ActiveCfg = Debug|Any CPU
		{63E5CC37-F5DA-4974-993E-77DEB58EDAFA}.Ad-Hoc|Any CPU.Build.0 = Debug|Any CPU
		{63E5CC37-F5DA-4974-993E-77DEB58EDAFA}.Ad-Hoc|ARM.ActiveCfg = Debug|Any CPU
		{63E5CC37-F5DA-4974-993E-77DEB58EDAFA}.Ad-Hoc|ARM.Build.0 = Debug|Any CPU
		{63E5CC37-F5DA-4974-993E-77DEB58EDAFA}.Ad-Hoc|iPhone.ActiveCfg = Debug|Any CPU
		{63E5CC37-F5DA-4974-993E-77DEB58EDAFA}.Ad-Hoc|iPhone.Build.0 = Debug|Any CPU
		{63E5CC37-F5DA-4974-993E-77DEB58EDAFA}.Ad-Hoc|iPhoneSimulator.ActiveCfg = Debug|Any CPU
		{63E5CC37-F5DA-4974-993E-77DEB58EDAFA}.Ad-Hoc|iPhoneSimulator.Build.0 = Debug|Any CPU
		{63E5CC37-F5DA-4974-993E-77DEB58EDAFA}.Ad-Hoc|x64.ActiveCfg = Debug|Any CPU
		{63E5CC37-F5DA-4974-993E-77DEB58EDAFA}.Ad-Hoc|x64.Build.0 = Debug|Any CPU
		{63E5CC37-F5DA-4974-993E-77DEB58EDAFA}.Ad-Hoc|x86.ActiveCfg = Debug|Any CPU
		{63E5CC37-F5DA-4974-993E-77DEB58EDAFA}.Ad-Hoc|x86.Build.0 = Debug|Any CPU
		{63E5CC37-F5DA-4974-993E-77DEB58EDAFA}.AppStore|Any CPU.ActiveCfg = Debug|Any CPU
		{63E5CC37-F5DA-4974-993E-77DEB58EDAFA}.AppStore|Any CPU.Build.0 = Debug|Any CPU
		{63E5CC37-F5DA-4974-993E-77DEB58EDAFA}.AppStore|ARM.ActiveCfg = Debug|Any CPU
		{63E5CC37-F5DA-4974-993E-77DEB58EDAFA}.AppStore|ARM.Build.0 = Debug|Any CPU
		{63E5CC37-F5DA-4974-993E-77DEB58EDAFA}.AppStore|iPhone.ActiveCfg = Debug|Any CPU
		{63E5CC37-F5DA-4974-993E-77DEB58EDAFA}.AppStore|iPhone.Build.0 = Debug|Any CPU
		{63E5CC37-F5DA-4974-993E-77DEB58EDAFA}.AppStore|iPhoneSimulator.ActiveCfg = Debug|Any CPU
		{63E5CC37-F5DA-4974-993E-77DEB58EDAFA}.AppStore|iPhoneSimulator.Build.0 = Debug|Any CPU
		{63E5CC37-F5DA-4974-993E-77DEB58EDAFA}.AppStore|x64.ActiveCfg = Debug|Any CPU
		{63E5CC37-F5DA-4974-993E-77DEB58EDAFA}.AppStore|x64.Build.0 = Debug|Any CPU
		{63E5CC37-F5DA-4974-993E-77DEB58EDAFA}.AppStore|x86.ActiveCfg = Debug|Any CPU
		{63E5CC37-F5DA-4974-993E-77DEB58EDAFA}.AppStore|x86.Build.0 = Debug|Any CPU
		{63E5CC37-F5DA-4974-993E-77DEB58EDAFA}.Debug|Any CPU.ActiveCfg = Debug|Any CPU
		{63E5CC37-F5DA-4974-993E-77DEB58EDAFA}.Debug|Any CPU.Build.0 = Debug|Any CPU
		{63E5CC37-F5DA-4974-993E-77DEB58EDAFA}.Debug|ARM.ActiveCfg = Debug|Any CPU
		{63E5CC37-F5DA-4974-993E-77DEB58EDAFA}.Debug|ARM.Build.0 = Debug|Any CPU
		{63E5CC37-F5DA-4974-993E-77DEB58EDAFA}.Debug|iPhone.ActiveCfg = Debug|Any CPU
		{63E5CC37-F5DA-4974-993E-77DEB58EDAFA}.Debug|iPhone.Build.0 = Debug|Any CPU
		{63E5CC37-F5DA-4974-993E-77DEB58EDAFA}.Debug|iPhoneSimulator.ActiveCfg = Debug|Any CPU
		{63E5CC37-F5DA-4974-993E-77DEB58EDAFA}.Debug|iPhoneSimulator.Build.0 = Debug|Any CPU
		{63E5CC37-F5DA-4974-993E-77DEB58EDAFA}.Debug|x64.ActiveCfg = Debug|Any CPU
		{63E5CC37-F5DA-4974-993E-77DEB58EDAFA}.Debug|x64.Build.0 = Debug|Any CPU
		{63E5CC37-F5DA-4974-993E-77DEB58EDAFA}.Debug|x86.ActiveCfg = Debug|Any CPU
		{63E5CC37-F5DA-4974-993E-77DEB58EDAFA}.Debug|x86.Build.0 = Debug|Any CPU
		{63E5CC37-F5DA-4974-993E-77DEB58EDAFA}.Release|Any CPU.ActiveCfg = Release|Any CPU
		{63E5CC37-F5DA-4974-993E-77DEB58EDAFA}.Release|Any CPU.Build.0 = Release|Any CPU
		{63E5CC37-F5DA-4974-993E-77DEB58EDAFA}.Release|ARM.ActiveCfg = Release|Any CPU
		{63E5CC37-F5DA-4974-993E-77DEB58EDAFA}.Release|ARM.Build.0 = Release|Any CPU
		{63E5CC37-F5DA-4974-993E-77DEB58EDAFA}.Release|iPhone.ActiveCfg = Release|Any CPU
		{63E5CC37-F5DA-4974-993E-77DEB58EDAFA}.Release|iPhone.Build.0 = Release|Any CPU
		{63E5CC37-F5DA-4974-993E-77DEB58EDAFA}.Release|iPhoneSimulator.ActiveCfg = Release|Any CPU
		{63E5CC37-F5DA-4974-993E-77DEB58EDAFA}.Release|iPhoneSimulator.Build.0 = Release|Any CPU
		{63E5CC37-F5DA-4974-993E-77DEB58EDAFA}.Release|x64.ActiveCfg = Release|Any CPU
		{63E5CC37-F5DA-4974-993E-77DEB58EDAFA}.Release|x64.Build.0 = Release|Any CPU
		{63E5CC37-F5DA-4974-993E-77DEB58EDAFA}.Release|x86.ActiveCfg = Release|Any CPU
		{63E5CC37-F5DA-4974-993E-77DEB58EDAFA}.Release|x86.Build.0 = Release|Any CPU
		{209A3A67-AE93-494D-997C-D06535F5A56F}.Ad-Hoc|Any CPU.ActiveCfg = Debug|Any CPU
		{209A3A67-AE93-494D-997C-D06535F5A56F}.Ad-Hoc|Any CPU.Build.0 = Debug|Any CPU
		{209A3A67-AE93-494D-997C-D06535F5A56F}.Ad-Hoc|ARM.ActiveCfg = Debug|Any CPU
		{209A3A67-AE93-494D-997C-D06535F5A56F}.Ad-Hoc|ARM.Build.0 = Debug|Any CPU
		{209A3A67-AE93-494D-997C-D06535F5A56F}.Ad-Hoc|iPhone.ActiveCfg = Debug|Any CPU
		{209A3A67-AE93-494D-997C-D06535F5A56F}.Ad-Hoc|iPhone.Build.0 = Debug|Any CPU
		{209A3A67-AE93-494D-997C-D06535F5A56F}.Ad-Hoc|iPhoneSimulator.ActiveCfg = Debug|Any CPU
		{209A3A67-AE93-494D-997C-D06535F5A56F}.Ad-Hoc|iPhoneSimulator.Build.0 = Debug|Any CPU
		{209A3A67-AE93-494D-997C-D06535F5A56F}.Ad-Hoc|x64.ActiveCfg = Debug|Any CPU
		{209A3A67-AE93-494D-997C-D06535F5A56F}.Ad-Hoc|x64.Build.0 = Debug|Any CPU
		{209A3A67-AE93-494D-997C-D06535F5A56F}.Ad-Hoc|x86.ActiveCfg = Debug|Any CPU
		{209A3A67-AE93-494D-997C-D06535F5A56F}.Ad-Hoc|x86.Build.0 = Debug|Any CPU
		{209A3A67-AE93-494D-997C-D06535F5A56F}.AppStore|Any CPU.ActiveCfg = Debug|Any CPU
		{209A3A67-AE93-494D-997C-D06535F5A56F}.AppStore|Any CPU.Build.0 = Debug|Any CPU
		{209A3A67-AE93-494D-997C-D06535F5A56F}.AppStore|ARM.ActiveCfg = Debug|Any CPU
		{209A3A67-AE93-494D-997C-D06535F5A56F}.AppStore|ARM.Build.0 = Debug|Any CPU
		{209A3A67-AE93-494D-997C-D06535F5A56F}.AppStore|iPhone.ActiveCfg = Debug|Any CPU
		{209A3A67-AE93-494D-997C-D06535F5A56F}.AppStore|iPhone.Build.0 = Debug|Any CPU
		{209A3A67-AE93-494D-997C-D06535F5A56F}.AppStore|iPhoneSimulator.ActiveCfg = Debug|Any CPU
		{209A3A67-AE93-494D-997C-D06535F5A56F}.AppStore|iPhoneSimulator.Build.0 = Debug|Any CPU
		{209A3A67-AE93-494D-997C-D06535F5A56F}.AppStore|x64.ActiveCfg = Debug|Any CPU
		{209A3A67-AE93-494D-997C-D06535F5A56F}.AppStore|x64.Build.0 = Debug|Any CPU
		{209A3A67-AE93-494D-997C-D06535F5A56F}.AppStore|x86.ActiveCfg = Debug|Any CPU
		{209A3A67-AE93-494D-997C-D06535F5A56F}.AppStore|x86.Build.0 = Debug|Any CPU
		{209A3A67-AE93-494D-997C-D06535F5A56F}.Debug|Any CPU.ActiveCfg = Debug|Any CPU
		{209A3A67-AE93-494D-997C-D06535F5A56F}.Debug|Any CPU.Build.0 = Debug|Any CPU
		{209A3A67-AE93-494D-997C-D06535F5A56F}.Debug|ARM.ActiveCfg = Debug|Any CPU
		{209A3A67-AE93-494D-997C-D06535F5A56F}.Debug|ARM.Build.0 = Debug|Any CPU
		{209A3A67-AE93-494D-997C-D06535F5A56F}.Debug|iPhone.ActiveCfg = Debug|Any CPU
		{209A3A67-AE93-494D-997C-D06535F5A56F}.Debug|iPhone.Build.0 = Debug|Any CPU
		{209A3A67-AE93-494D-997C-D06535F5A56F}.Debug|iPhoneSimulator.ActiveCfg = Debug|Any CPU
		{209A3A67-AE93-494D-997C-D06535F5A56F}.Debug|iPhoneSimulator.Build.0 = Debug|Any CPU
		{209A3A67-AE93-494D-997C-D06535F5A56F}.Debug|x64.ActiveCfg = Debug|Any CPU
		{209A3A67-AE93-494D-997C-D06535F5A56F}.Debug|x64.Build.0 = Debug|Any CPU
		{209A3A67-AE93-494D-997C-D06535F5A56F}.Debug|x86.ActiveCfg = Debug|Any CPU
		{209A3A67-AE93-494D-997C-D06535F5A56F}.Debug|x86.Build.0 = Debug|Any CPU
		{209A3A67-AE93-494D-997C-D06535F5A56F}.Release|Any CPU.ActiveCfg = Release|Any CPU
		{209A3A67-AE93-494D-997C-D06535F5A56F}.Release|Any CPU.Build.0 = Release|Any CPU
		{209A3A67-AE93-494D-997C-D06535F5A56F}.Release|ARM.ActiveCfg = Release|Any CPU
		{209A3A67-AE93-494D-997C-D06535F5A56F}.Release|ARM.Build.0 = Release|Any CPU
		{209A3A67-AE93-494D-997C-D06535F5A56F}.Release|iPhone.ActiveCfg = Release|Any CPU
		{209A3A67-AE93-494D-997C-D06535F5A56F}.Release|iPhone.Build.0 = Release|Any CPU
		{209A3A67-AE93-494D-997C-D06535F5A56F}.Release|iPhoneSimulator.ActiveCfg = Release|Any CPU
		{209A3A67-AE93-494D-997C-D06535F5A56F}.Release|iPhoneSimulator.Build.0 = Release|Any CPU
		{209A3A67-AE93-494D-997C-D06535F5A56F}.Release|x64.ActiveCfg = Release|Any CPU
		{209A3A67-AE93-494D-997C-D06535F5A56F}.Release|x64.Build.0 = Release|Any CPU
		{209A3A67-AE93-494D-997C-D06535F5A56F}.Release|x86.ActiveCfg = Release|Any CPU
		{209A3A67-AE93-494D-997C-D06535F5A56F}.Release|x86.Build.0 = Release|Any CPU
		{D5562D12-1C89-4D66-9B7D-EFFC34787E2F}.Ad-Hoc|Any CPU.ActiveCfg = Debug|Any CPU
		{D5562D12-1C89-4D66-9B7D-EFFC34787E2F}.Ad-Hoc|Any CPU.Build.0 = Debug|Any CPU
		{D5562D12-1C89-4D66-9B7D-EFFC34787E2F}.Ad-Hoc|ARM.ActiveCfg = Debug|Any CPU
		{D5562D12-1C89-4D66-9B7D-EFFC34787E2F}.Ad-Hoc|ARM.Build.0 = Debug|Any CPU
		{D5562D12-1C89-4D66-9B7D-EFFC34787E2F}.Ad-Hoc|iPhone.ActiveCfg = Debug|Any CPU
		{D5562D12-1C89-4D66-9B7D-EFFC34787E2F}.Ad-Hoc|iPhone.Build.0 = Debug|Any CPU
		{D5562D12-1C89-4D66-9B7D-EFFC34787E2F}.Ad-Hoc|iPhoneSimulator.ActiveCfg = Debug|Any CPU
		{D5562D12-1C89-4D66-9B7D-EFFC34787E2F}.Ad-Hoc|iPhoneSimulator.Build.0 = Debug|Any CPU
		{D5562D12-1C89-4D66-9B7D-EFFC34787E2F}.Ad-Hoc|x64.ActiveCfg = Debug|Any CPU
		{D5562D12-1C89-4D66-9B7D-EFFC34787E2F}.Ad-Hoc|x64.Build.0 = Debug|Any CPU
		{D5562D12-1C89-4D66-9B7D-EFFC34787E2F}.Ad-Hoc|x86.ActiveCfg = Debug|Any CPU
		{D5562D12-1C89-4D66-9B7D-EFFC34787E2F}.Ad-Hoc|x86.Build.0 = Debug|Any CPU
		{D5562D12-1C89-4D66-9B7D-EFFC34787E2F}.AppStore|Any CPU.ActiveCfg = Debug|Any CPU
		{D5562D12-1C89-4D66-9B7D-EFFC34787E2F}.AppStore|Any CPU.Build.0 = Debug|Any CPU
		{D5562D12-1C89-4D66-9B7D-EFFC34787E2F}.AppStore|ARM.ActiveCfg = Debug|Any CPU
		{D5562D12-1C89-4D66-9B7D-EFFC34787E2F}.AppStore|ARM.Build.0 = Debug|Any CPU
		{D5562D12-1C89-4D66-9B7D-EFFC34787E2F}.AppStore|iPhone.ActiveCfg = Debug|Any CPU
		{D5562D12-1C89-4D66-9B7D-EFFC34787E2F}.AppStore|iPhone.Build.0 = Debug|Any CPU
		{D5562D12-1C89-4D66-9B7D-EFFC34787E2F}.AppStore|iPhoneSimulator.ActiveCfg = Debug|Any CPU
		{D5562D12-1C89-4D66-9B7D-EFFC34787E2F}.AppStore|iPhoneSimulator.Build.0 = Debug|Any CPU
		{D5562D12-1C89-4D66-9B7D-EFFC34787E2F}.AppStore|x64.ActiveCfg = Debug|Any CPU
		{D5562D12-1C89-4D66-9B7D-EFFC34787E2F}.AppStore|x64.Build.0 = Debug|Any CPU
		{D5562D12-1C89-4D66-9B7D-EFFC34787E2F}.AppStore|x86.ActiveCfg = Debug|Any CPU
		{D5562D12-1C89-4D66-9B7D-EFFC34787E2F}.AppStore|x86.Build.0 = Debug|Any CPU
		{D5562D12-1C89-4D66-9B7D-EFFC34787E2F}.Debug|Any CPU.ActiveCfg = Debug|Any CPU
		{D5562D12-1C89-4D66-9B7D-EFFC34787E2F}.Debug|Any CPU.Build.0 = Debug|Any CPU
		{D5562D12-1C89-4D66-9B7D-EFFC34787E2F}.Debug|ARM.ActiveCfg = Debug|Any CPU
		{D5562D12-1C89-4D66-9B7D-EFFC34787E2F}.Debug|ARM.Build.0 = Debug|Any CPU
		{D5562D12-1C89-4D66-9B7D-EFFC34787E2F}.Debug|iPhone.ActiveCfg = Debug|Any CPU
		{D5562D12-1C89-4D66-9B7D-EFFC34787E2F}.Debug|iPhone.Build.0 = Debug|Any CPU
		{D5562D12-1C89-4D66-9B7D-EFFC34787E2F}.Debug|iPhoneSimulator.ActiveCfg = Debug|Any CPU
		{D5562D12-1C89-4D66-9B7D-EFFC34787E2F}.Debug|iPhoneSimulator.Build.0 = Debug|Any CPU
		{D5562D12-1C89-4D66-9B7D-EFFC34787E2F}.Debug|x64.ActiveCfg = Debug|Any CPU
		{D5562D12-1C89-4D66-9B7D-EFFC34787E2F}.Debug|x64.Build.0 = Debug|Any CPU
		{D5562D12-1C89-4D66-9B7D-EFFC34787E2F}.Debug|x86.ActiveCfg = Debug|Any CPU
		{D5562D12-1C89-4D66-9B7D-EFFC34787E2F}.Debug|x86.Build.0 = Debug|Any CPU
		{D5562D12-1C89-4D66-9B7D-EFFC34787E2F}.Release|Any CPU.ActiveCfg = Release|Any CPU
		{D5562D12-1C89-4D66-9B7D-EFFC34787E2F}.Release|Any CPU.Build.0 = Release|Any CPU
		{D5562D12-1C89-4D66-9B7D-EFFC34787E2F}.Release|ARM.ActiveCfg = Release|Any CPU
		{D5562D12-1C89-4D66-9B7D-EFFC34787E2F}.Release|ARM.Build.0 = Release|Any CPU
		{D5562D12-1C89-4D66-9B7D-EFFC34787E2F}.Release|iPhone.ActiveCfg = Release|Any CPU
		{D5562D12-1C89-4D66-9B7D-EFFC34787E2F}.Release|iPhone.Build.0 = Release|Any CPU
		{D5562D12-1C89-4D66-9B7D-EFFC34787E2F}.Release|iPhoneSimulator.ActiveCfg = Release|Any CPU
		{D5562D12-1C89-4D66-9B7D-EFFC34787E2F}.Release|iPhoneSimulator.Build.0 = Release|Any CPU
		{D5562D12-1C89-4D66-9B7D-EFFC34787E2F}.Release|x64.ActiveCfg = Release|Any CPU
		{D5562D12-1C89-4D66-9B7D-EFFC34787E2F}.Release|x64.Build.0 = Release|Any CPU
		{D5562D12-1C89-4D66-9B7D-EFFC34787E2F}.Release|x86.ActiveCfg = Release|Any CPU
		{D5562D12-1C89-4D66-9B7D-EFFC34787E2F}.Release|x86.Build.0 = Release|Any CPU
		{8F242EC7-D8C4-437E-A6D4-C9B48C227ECB}.Ad-Hoc|Any CPU.ActiveCfg = Debug|Any CPU
		{8F242EC7-D8C4-437E-A6D4-C9B48C227ECB}.Ad-Hoc|Any CPU.Build.0 = Debug|Any CPU
		{8F242EC7-D8C4-437E-A6D4-C9B48C227ECB}.Ad-Hoc|ARM.ActiveCfg = Debug|Any CPU
		{8F242EC7-D8C4-437E-A6D4-C9B48C227ECB}.Ad-Hoc|ARM.Build.0 = Debug|Any CPU
		{8F242EC7-D8C4-437E-A6D4-C9B48C227ECB}.Ad-Hoc|iPhone.ActiveCfg = Debug|Any CPU
		{8F242EC7-D8C4-437E-A6D4-C9B48C227ECB}.Ad-Hoc|iPhone.Build.0 = Debug|Any CPU
		{8F242EC7-D8C4-437E-A6D4-C9B48C227ECB}.Ad-Hoc|iPhoneSimulator.ActiveCfg = Debug|Any CPU
		{8F242EC7-D8C4-437E-A6D4-C9B48C227ECB}.Ad-Hoc|iPhoneSimulator.Build.0 = Debug|Any CPU
		{8F242EC7-D8C4-437E-A6D4-C9B48C227ECB}.Ad-Hoc|x64.ActiveCfg = Debug|Any CPU
		{8F242EC7-D8C4-437E-A6D4-C9B48C227ECB}.Ad-Hoc|x64.Build.0 = Debug|Any CPU
		{8F242EC7-D8C4-437E-A6D4-C9B48C227ECB}.Ad-Hoc|x86.ActiveCfg = Debug|Any CPU
		{8F242EC7-D8C4-437E-A6D4-C9B48C227ECB}.Ad-Hoc|x86.Build.0 = Debug|Any CPU
		{8F242EC7-D8C4-437E-A6D4-C9B48C227ECB}.AppStore|Any CPU.ActiveCfg = Debug|Any CPU
		{8F242EC7-D8C4-437E-A6D4-C9B48C227ECB}.AppStore|Any CPU.Build.0 = Debug|Any CPU
		{8F242EC7-D8C4-437E-A6D4-C9B48C227ECB}.AppStore|ARM.ActiveCfg = Debug|Any CPU
		{8F242EC7-D8C4-437E-A6D4-C9B48C227ECB}.AppStore|ARM.Build.0 = Debug|Any CPU
		{8F242EC7-D8C4-437E-A6D4-C9B48C227ECB}.AppStore|iPhone.ActiveCfg = Debug|Any CPU
		{8F242EC7-D8C4-437E-A6D4-C9B48C227ECB}.AppStore|iPhone.Build.0 = Debug|Any CPU
		{8F242EC7-D8C4-437E-A6D4-C9B48C227ECB}.AppStore|iPhoneSimulator.ActiveCfg = Debug|Any CPU
		{8F242EC7-D8C4-437E-A6D4-C9B48C227ECB}.AppStore|iPhoneSimulator.Build.0 = Debug|Any CPU
		{8F242EC7-D8C4-437E-A6D4-C9B48C227ECB}.AppStore|x64.ActiveCfg = Debug|Any CPU
		{8F242EC7-D8C4-437E-A6D4-C9B48C227ECB}.AppStore|x64.Build.0 = Debug|Any CPU
		{8F242EC7-D8C4-437E-A6D4-C9B48C227ECB}.AppStore|x86.ActiveCfg = Debug|Any CPU
		{8F242EC7-D8C4-437E-A6D4-C9B48C227ECB}.AppStore|x86.Build.0 = Debug|Any CPU
		{8F242EC7-D8C4-437E-A6D4-C9B48C227ECB}.Debug|Any CPU.ActiveCfg = Debug|Any CPU
		{8F242EC7-D8C4-437E-A6D4-C9B48C227ECB}.Debug|Any CPU.Build.0 = Debug|Any CPU
		{8F242EC7-D8C4-437E-A6D4-C9B48C227ECB}.Debug|ARM.ActiveCfg = Debug|Any CPU
		{8F242EC7-D8C4-437E-A6D4-C9B48C227ECB}.Debug|ARM.Build.0 = Debug|Any CPU
		{8F242EC7-D8C4-437E-A6D4-C9B48C227ECB}.Debug|iPhone.ActiveCfg = Debug|Any CPU
		{8F242EC7-D8C4-437E-A6D4-C9B48C227ECB}.Debug|iPhone.Build.0 = Debug|Any CPU
		{8F242EC7-D8C4-437E-A6D4-C9B48C227ECB}.Debug|iPhoneSimulator.ActiveCfg = Debug|Any CPU
		{8F242EC7-D8C4-437E-A6D4-C9B48C227ECB}.Debug|iPhoneSimulator.Build.0 = Debug|Any CPU
		{8F242EC7-D8C4-437E-A6D4-C9B48C227ECB}.Debug|x64.ActiveCfg = Debug|Any CPU
		{8F242EC7-D8C4-437E-A6D4-C9B48C227ECB}.Debug|x64.Build.0 = Debug|Any CPU
		{8F242EC7-D8C4-437E-A6D4-C9B48C227ECB}.Debug|x86.ActiveCfg = Debug|Any CPU
		{8F242EC7-D8C4-437E-A6D4-C9B48C227ECB}.Debug|x86.Build.0 = Debug|Any CPU
		{8F242EC7-D8C4-437E-A6D4-C9B48C227ECB}.Release|Any CPU.ActiveCfg = Release|Any CPU
		{8F242EC7-D8C4-437E-A6D4-C9B48C227ECB}.Release|Any CPU.Build.0 = Release|Any CPU
		{8F242EC7-D8C4-437E-A6D4-C9B48C227ECB}.Release|ARM.ActiveCfg = Release|Any CPU
		{8F242EC7-D8C4-437E-A6D4-C9B48C227ECB}.Release|ARM.Build.0 = Release|Any CPU
		{8F242EC7-D8C4-437E-A6D4-C9B48C227ECB}.Release|iPhone.ActiveCfg = Release|Any CPU
		{8F242EC7-D8C4-437E-A6D4-C9B48C227ECB}.Release|iPhone.Build.0 = Release|Any CPU
		{8F242EC7-D8C4-437E-A6D4-C9B48C227ECB}.Release|iPhoneSimulator.ActiveCfg = Release|Any CPU
		{8F242EC7-D8C4-437E-A6D4-C9B48C227ECB}.Release|iPhoneSimulator.Build.0 = Release|Any CPU
		{8F242EC7-D8C4-437E-A6D4-C9B48C227ECB}.Release|x64.ActiveCfg = Release|Any CPU
		{8F242EC7-D8C4-437E-A6D4-C9B48C227ECB}.Release|x64.Build.0 = Release|Any CPU
		{8F242EC7-D8C4-437E-A6D4-C9B48C227ECB}.Release|x86.ActiveCfg = Release|Any CPU
		{8F242EC7-D8C4-437E-A6D4-C9B48C227ECB}.Release|x86.Build.0 = Release|Any CPU
	EndGlobalSection
	GlobalSection(SolutionProperties) = preSolution
		HideSolutionNode = FALSE
	EndGlobalSection
	GlobalSection(NestedProjects) = preSolution
		{BAFF9D47-D9D2-45F1-98E1-D4FF7A8BFDA7} = {52B4A50B-E32F-4515-BCF0-1B2FFE85F8A9}
		{10300BE0-936C-4FF2-A564-BD203355D360} = {52B4A50B-E32F-4515-BCF0-1B2FFE85F8A9}
		{47C15A89-2019-4C5B-A075-84F9CF98403A} = {52B4A50B-E32F-4515-BCF0-1B2FFE85F8A9}
		{B8841A94-37BA-4F21-ACE3-B93D37C07C63} = {52B4A50B-E32F-4515-BCF0-1B2FFE85F8A9}
		{83E4778C-3951-47D8-92F9-1D8BD918AD9E} = {52B4A50B-E32F-4515-BCF0-1B2FFE85F8A9}
		{C072C14B-4DA5-46EB-AAE6-49446098DB87} = {52B4A50B-E32F-4515-BCF0-1B2FFE85F8A9}
		{86D6B856-CCBC-492D-8D53-EB5D77F31BA2} = {F2048ADD-FFBD-40C8-91A3-97BCF02E4BA6}
		{E8937624-2DB0-4731-AA76-CB15AFB9D28A} = {F2048ADD-FFBD-40C8-91A3-97BCF02E4BA6}
		{17996BED-3436-429E-89E3-CAEB16CC3952} = {F2048ADD-FFBD-40C8-91A3-97BCF02E4BA6}
		{63E5CC37-F5DA-4974-993E-77DEB58EDAFA} = {F2048ADD-FFBD-40C8-91A3-97BCF02E4BA6}
		{209A3A67-AE93-494D-997C-D06535F5A56F} = {F2048ADD-FFBD-40C8-91A3-97BCF02E4BA6}
		{D5562D12-1C89-4D66-9B7D-EFFC34787E2F} = {36C79656-A720-44C7-932C-65D00F416BCC}
		{8F242EC7-D8C4-437E-A6D4-C9B48C227ECB} = {F2048ADD-FFBD-40C8-91A3-97BCF02E4BA6}
	EndGlobalSection
	GlobalSection(ExtensibilityGlobals) = postSolution
		SolutionGuid = {0D674030-FE01-40B0-8FDD-9E36029C7342}
	EndGlobalSection
EndGlobal
